
Microsoft Visual Studio Solution File, Format Version 12.00
# Visual Studio Version 16
VisualStudioVersion = 16.0.30114.105
MinimumVisualStudioVersion = 10.0.40219.1
Project("{2150E333-8FDC-42A3-9474-1A3956D46DE8}") = "profile", "profile", "{58FA567E-9121-4938-A47B-63354905C2E9}"
EndProject
Project("{2150E333-8FDC-42A3-9474-1A3956D46DE8}") = "src", "src", "{CDF2748C-1E8E-47A2-8145-03D97B5399F8}"
EndProject
Project("{FAE04EC0-301F-11D3-BF4B-00C04F79EFBC}") = "TastyBeans.Profile.Api", "profile\src\TastyBeans.Profile.Api\TastyBeans.Profile.Api.csproj", "{36BD40B3-8584-43BB-88CF-5EF15A3BE450}"
EndProject
Project("{FAE04EC0-301F-11D3-BF4B-00C04F79EFBC}") = "TastyBeans.Profile.Domain", "profile\src\TastyBeans.Profile.Domain\TastyBeans.Profile.Domain.csproj", "{B7FD2514-972E-4A40-9013-1F6C35BE84D4}"
EndProject
Project("{2150E333-8FDC-42A3-9474-1A3956D46DE8}") = "test", "test", "{35F59079-7C17-4E22-A451-50F51A75BFEE}"
EndProject
Project("{FAE04EC0-301F-11D3-BF4B-00C04F79EFBC}") = "TastyBeans.Profile.Api.Tests", "profile\test\TastyBeans.Profile.Api.Tests\TastyBeans.Profile.Api.Tests.csproj", "{31FBF285-94C1-400A-9751-47BCEBF26F40}"
EndProject
Project("{FAE04EC0-301F-11D3-BF4B-00C04F79EFBC}") = "TastyBeans.Profile.Domain.Tests", "profile\test\TastyBeans.Profile.Domain.Tests\TastyBeans.Profile.Domain.Tests.csproj", "{A1F8D4AD-AA8D-4668-A69F-FE1FD8C0745B}"
EndProject
Project("{2150E333-8FDC-42A3-9474-1A3956D46DE8}") = "timer", "timer", "{430E9A40-DAA2-48A5-8A68-E41D12723C36}"
EndProject
Project("{2150E333-8FDC-42A3-9474-1A3956D46DE8}") = "src", "src", "{4A1BD0F5-F452-483B-9161-D2E13AFDD830}"
EndProject
Project("{FAE04EC0-301F-11D3-BF4B-00C04F79EFBC}") = "TastyBeans.Timer", "timer\src\TastyBeans.Timer\TastyBeans.Timer.csproj", "{2041A353-17DD-4348-9E50-F9E8DD99C697}"
EndProject
Project("{2150E333-8FDC-42A3-9474-1A3956D46DE8}") = "payments", "payments", "{C6C3C735-69FB-4DA1-B882-4A3B5F6728E0}"
EndProject
Project("{2150E333-8FDC-42A3-9474-1A3956D46DE8}") = "src", "src", "{69A8F270-DF61-437F-B232-CC5EA2C14430}"
EndProject
Project("{FAE04EC0-301F-11D3-BF4B-00C04F79EFBC}") = "TastyBeans.Payments.Api", "payments\src\TastyBeans.Payments.Api\TastyBeans.Payments.Api.csproj", "{E8596CFF-A993-4F60-9B94-470D3DCE5A11}"
EndProject
Project("{FAE04EC0-301F-11D3-BF4B-00C04F79EFBC}") = "TastyBeans.Payments.Domain", "payments\src\TastyBeans.Payments.Domain\TastyBeans.Payments.Domain.csproj", "{46C4B5D6-6825-4905-9DA1-CA2C69616C96}"
EndProject
Project("{2150E333-8FDC-42A3-9474-1A3956D46DE8}") = "test", "test", "{5E990D44-601E-4A44-8B6F-EA0A897E6146}"
EndProject
Project("{FAE04EC0-301F-11D3-BF4B-00C04F79EFBC}") = "TastyBeans.Payments.Api.Tests", "payments\test\TastyBeans.Payments.Api.Tests\TastyBeans.Payments.Api.Tests.csproj", "{895B4251-4CB4-4F5C-B493-AEF32A7AA43D}"
EndProject
Project("{FAE04EC0-301F-11D3-BF4B-00C04F79EFBC}") = "TastyBeans.Payments.Domain.Tests", "payments\test\TastyBeans.Payments.Domain.Tests\TastyBeans.Payments.Domain.Tests.csproj", "{F893B4AF-2283-4CF3-B2F2-43EDB11718BA}"
EndProject
Project("{2150E333-8FDC-42A3-9474-1A3956D46DE8}") = "registration", "registration", "{29D70ACF-6F8D-48F7-B926-2F9A63A5160B}"
EndProject
Project("{2150E333-8FDC-42A3-9474-1A3956D46DE8}") = "src", "src", "{555DB2B6-029C-444E-A215-AA0B446524DF}"
EndProject
Project("{FAE04EC0-301F-11D3-BF4B-00C04F79EFBC}") = "TastyBeans.Registration.Api", "registration\src\TastyBeans.Registration.Api\TastyBeans.Registration.Api.csproj", "{15D006D2-AEE5-4DDC-94AB-11AB669077D1}"
EndProject
Project("{2150E333-8FDC-42A3-9474-1A3956D46DE8}") = "test", "test", "{7B45FDA7-53FB-4012-9909-4EAC56EB59E9}"
EndProject
Project("{FAE04EC0-301F-11D3-BF4B-00C04F79EFBC}") = "TastyBeans.Registration.Api.Tests", "registration\test\TastyBeans.Registration.Api.Tests\TastyBeans.Registration.Api.Tests.csproj", "{E5A2AF84-3FF5-40BE-82CF-ACB309A68ECD}"
EndProject
Project("{2150E333-8FDC-42A3-9474-1A3956D46DE8}") = "identity", "identity", "{53E2C23F-34FC-4405-B67D-5B6D477ABB07}"
EndProject
Project("{2150E333-8FDC-42A3-9474-1A3956D46DE8}") = "src", "src", "{9C13E30E-1F3F-4881-8F49-6DA90980DD8D}"
EndProject
Project("{FAE04EC0-301F-11D3-BF4B-00C04F79EFBC}") = "TastyBeans.Identity.Api", "identity\src\TastyBeans.Identity.Api\TastyBeans.Identity.Api.csproj", "{7FE35A24-CF2E-44EF-8B0D-D5C977A6F675}"
EndProject
Global
	GlobalSection(SolutionConfigurationPlatforms) = preSolution
		Debug|Any CPU = Debug|Any CPU
		Release|Any CPU = Release|Any CPU
	EndGlobalSection
	GlobalSection(SolutionProperties) = preSolution
		HideSolutionNode = FALSE
	EndGlobalSection
	GlobalSection(ProjectConfigurationPlatforms) = postSolution
		{36BD40B3-8584-43BB-88CF-5EF15A3BE450}.Debug|Any CPU.ActiveCfg = Debug|Any CPU
		{36BD40B3-8584-43BB-88CF-5EF15A3BE450}.Debug|Any CPU.Build.0 = Debug|Any CPU
		{36BD40B3-8584-43BB-88CF-5EF15A3BE450}.Release|Any CPU.ActiveCfg = Release|Any CPU
		{36BD40B3-8584-43BB-88CF-5EF15A3BE450}.Release|Any CPU.Build.0 = Release|Any CPU
		{B7FD2514-972E-4A40-9013-1F6C35BE84D4}.Debug|Any CPU.ActiveCfg = Debug|Any CPU
		{B7FD2514-972E-4A40-9013-1F6C35BE84D4}.Debug|Any CPU.Build.0 = Debug|Any CPU
		{B7FD2514-972E-4A40-9013-1F6C35BE84D4}.Release|Any CPU.ActiveCfg = Release|Any CPU
		{B7FD2514-972E-4A40-9013-1F6C35BE84D4}.Release|Any CPU.Build.0 = Release|Any CPU
		{31FBF285-94C1-400A-9751-47BCEBF26F40}.Debug|Any CPU.ActiveCfg = Debug|Any CPU
		{31FBF285-94C1-400A-9751-47BCEBF26F40}.Debug|Any CPU.Build.0 = Debug|Any CPU
		{31FBF285-94C1-400A-9751-47BCEBF26F40}.Release|Any CPU.ActiveCfg = Release|Any CPU
		{31FBF285-94C1-400A-9751-47BCEBF26F40}.Release|Any CPU.Build.0 = Release|Any CPU
		{A1F8D4AD-AA8D-4668-A69F-FE1FD8C0745B}.Debug|Any CPU.ActiveCfg = Debug|Any CPU
		{A1F8D4AD-AA8D-4668-A69F-FE1FD8C0745B}.Debug|Any CPU.Build.0 = Debug|Any CPU
		{A1F8D4AD-AA8D-4668-A69F-FE1FD8C0745B}.Release|Any CPU.ActiveCfg = Release|Any CPU
		{A1F8D4AD-AA8D-4668-A69F-FE1FD8C0745B}.Release|Any CPU.Build.0 = Release|Any CPU
		{2041A353-17DD-4348-9E50-F9E8DD99C697}.Debug|Any CPU.ActiveCfg = Debug|Any CPU
		{2041A353-17DD-4348-9E50-F9E8DD99C697}.Debug|Any CPU.Build.0 = Debug|Any CPU
		{2041A353-17DD-4348-9E50-F9E8DD99C697}.Release|Any CPU.ActiveCfg = Release|Any CPU
		{2041A353-17DD-4348-9E50-F9E8DD99C697}.Release|Any CPU.Build.0 = Release|Any CPU
		{E8596CFF-A993-4F60-9B94-470D3DCE5A11}.Debug|Any CPU.ActiveCfg = Debug|Any CPU
		{E8596CFF-A993-4F60-9B94-470D3DCE5A11}.Debug|Any CPU.Build.0 = Debug|Any CPU
		{E8596CFF-A993-4F60-9B94-470D3DCE5A11}.Release|Any CPU.ActiveCfg = Release|Any CPU
		{E8596CFF-A993-4F60-9B94-470D3DCE5A11}.Release|Any CPU.Build.0 = Release|Any CPU
		{46C4B5D6-6825-4905-9DA1-CA2C69616C96}.Debug|Any CPU.ActiveCfg = Debug|Any CPU
		{46C4B5D6-6825-4905-9DA1-CA2C69616C96}.Debug|Any CPU.Build.0 = Debug|Any CPU
		{46C4B5D6-6825-4905-9DA1-CA2C69616C96}.Release|Any CPU.ActiveCfg = Release|Any CPU
		{46C4B5D6-6825-4905-9DA1-CA2C69616C96}.Release|Any CPU.Build.0 = Release|Any CPU
		{895B4251-4CB4-4F5C-B493-AEF32A7AA43D}.Debug|Any CPU.ActiveCfg = Debug|Any CPU
		{895B4251-4CB4-4F5C-B493-AEF32A7AA43D}.Debug|Any CPU.Build.0 = Debug|Any CPU
		{895B4251-4CB4-4F5C-B493-AEF32A7AA43D}.Release|Any CPU.ActiveCfg = Release|Any CPU
		{895B4251-4CB4-4F5C-B493-AEF32A7AA43D}.Release|Any CPU.Build.0 = Release|Any CPU
		{F893B4AF-2283-4CF3-B2F2-43EDB11718BA}.Debug|Any CPU.ActiveCfg = Debug|Any CPU
		{F893B4AF-2283-4CF3-B2F2-43EDB11718BA}.Debug|Any CPU.Build.0 = Debug|Any CPU
		{F893B4AF-2283-4CF3-B2F2-43EDB11718BA}.Release|Any CPU.ActiveCfg = Release|Any CPU
		{F893B4AF-2283-4CF3-B2F2-43EDB11718BA}.Release|Any CPU.Build.0 = Release|Any CPU
		{15D006D2-AEE5-4DDC-94AB-11AB669077D1}.Debug|Any CPU.ActiveCfg = Debug|Any CPU
		{15D006D2-AEE5-4DDC-94AB-11AB669077D1}.Debug|Any CPU.Build.0 = Debug|Any CPU
		{15D006D2-AEE5-4DDC-94AB-11AB669077D1}.Release|Any CPU.ActiveCfg = Release|Any CPU
		{15D006D2-AEE5-4DDC-94AB-11AB669077D1}.Release|Any CPU.Build.0 = Release|Any CPU
		{E5A2AF84-3FF5-40BE-82CF-ACB309A68ECD}.Debug|Any CPU.ActiveCfg = Debug|Any CPU
		{E5A2AF84-3FF5-40BE-82CF-ACB309A68ECD}.Debug|Any CPU.Build.0 = Debug|Any CPU
		{E5A2AF84-3FF5-40BE-82CF-ACB309A68ECD}.Release|Any CPU.ActiveCfg = Release|Any CPU
		{E5A2AF84-3FF5-40BE-82CF-ACB309A68ECD}.Release|Any CPU.Build.0 = Release|Any CPU
		{7FE35A24-CF2E-44EF-8B0D-D5C977A6F675}.Debug|Any CPU.ActiveCfg = Debug|Any CPU
		{7FE35A24-CF2E-44EF-8B0D-D5C977A6F675}.Debug|Any CPU.Build.0 = Debug|Any CPU
		{7FE35A24-CF2E-44EF-8B0D-D5C977A6F675}.Release|Any CPU.ActiveCfg = Release|Any CPU
		{7FE35A24-CF2E-44EF-8B0D-D5C977A6F675}.Release|Any CPU.Build.0 = Release|Any CPU
	EndGlobalSection
	GlobalSection(NestedProjects) = preSolution
		{CDF2748C-1E8E-47A2-8145-03D97B5399F8} = {58FA567E-9121-4938-A47B-63354905C2E9}
		{36BD40B3-8584-43BB-88CF-5EF15A3BE450} = {CDF2748C-1E8E-47A2-8145-03D97B5399F8}
		{B7FD2514-972E-4A40-9013-1F6C35BE84D4} = {CDF2748C-1E8E-47A2-8145-03D97B5399F8}
		{35F59079-7C17-4E22-A451-50F51A75BFEE} = {58FA567E-9121-4938-A47B-63354905C2E9}
		{31FBF285-94C1-400A-9751-47BCEBF26F40} = {35F59079-7C17-4E22-A451-50F51A75BFEE}
		{A1F8D4AD-AA8D-4668-A69F-FE1FD8C0745B} = {35F59079-7C17-4E22-A451-50F51A75BFEE}
		{4A1BD0F5-F452-483B-9161-D2E13AFDD830} = {430E9A40-DAA2-48A5-8A68-E41D12723C36}
		{2041A353-17DD-4348-9E50-F9E8DD99C697} = {4A1BD0F5-F452-483B-9161-D2E13AFDD830}
		{69A8F270-DF61-437F-B232-CC5EA2C14430} = {C6C3C735-69FB-4DA1-B882-4A3B5F6728E0}
		{E8596CFF-A993-4F60-9B94-470D3DCE5A11} = {69A8F270-DF61-437F-B232-CC5EA2C14430}
		{46C4B5D6-6825-4905-9DA1-CA2C69616C96} = {69A8F270-DF61-437F-B232-CC5EA2C14430}
		{5E990D44-601E-4A44-8B6F-EA0A897E6146} = {C6C3C735-69FB-4DA1-B882-4A3B5F6728E0}
		{895B4251-4CB4-4F5C-B493-AEF32A7AA43D} = {5E990D44-601E-4A44-8B6F-EA0A897E6146}
		{F893B4AF-2283-4CF3-B2F2-43EDB11718BA} = {5E990D44-601E-4A44-8B6F-EA0A897E6146}
		{555DB2B6-029C-444E-A215-AA0B446524DF} = {29D70ACF-6F8D-48F7-B926-2F9A63A5160B}
		{15D006D2-AEE5-4DDC-94AB-11AB669077D1} = {555DB2B6-029C-444E-A215-AA0B446524DF}
		{7B45FDA7-53FB-4012-9909-4EAC56EB59E9} = {29D70ACF-6F8D-48F7-B926-2F9A63A5160B}
		{E5A2AF84-3FF5-40BE-82CF-ACB309A68ECD} = {7B45FDA7-53FB-4012-9909-4EAC56EB59E9}
		{9C13E30E-1F3F-4881-8F49-6DA90980DD8D} = {53E2C23F-34FC-4405-B67D-5B6D477ABB07}
		{7FE35A24-CF2E-44EF-8B0D-D5C977A6F675} = {9C13E30E-1F3F-4881-8F49-6DA90980DD8D}
	EndGlobalSection
EndGlobal
