
Microsoft Visual Studio Solution File, Format Version 12.00
# Visual Studio Version 16
VisualStudioVersion = 16.0.30114.105
MinimumVisualStudioVersion = 10.0.40219.1
Project("{2150E333-8FDC-42A3-9474-1A3956D46DE8}") = "src", "src", "{2A6E53F5-4D00-4E4F-B2B5-75959F489B19}"
EndProject
Project("{FAE04EC0-301F-11D3-BF4B-00C04F79EFBC}") = "Api", "src\Api\Api.csproj", "{5D806E53-78BD-4863-B3C5-BD75D93F385A}"
EndProject
Project("{FAE04EC0-301F-11D3-BF4B-00C04F79EFBC}") = "Application", "src\Application\Application.csproj", "{82E64236-5395-430B-A21B-4B5FAAD3149F}"
EndProject
Project("{FAE04EC0-301F-11D3-BF4B-00C04F79EFBC}") = "Domain", "src\Domain\Domain.csproj", "{06B9790B-EEEC-49A4-926B-A1E0740A8753}"
EndProject
Project("{FAE04EC0-301F-11D3-BF4B-00C04F79EFBC}") = "Infrastructure", "src\Infrastructure\Infrastructure.csproj", "{DFB57DF0-E7A9-4581-B055-05EB2D835A49}"
EndProject
Project("{2150E333-8FDC-42A3-9474-1A3956D46DE8}") = "tests", "tests", "{A8BDB8A5-AE6F-4B18-95B6-526B41CC8851}"
EndProject
Project("{FAE04EC0-301F-11D3-BF4B-00C04F79EFBC}") = "Application.Tests", "tests\Application.Tests\Application.Tests.csproj", "{C54332CD-73D6-418E-B75E-E748ECC93752}"
EndProject
Project("{FAE04EC0-301F-11D3-BF4B-00C04F79EFBC}") = "Domain.Tests", "tests\Domain.Tests\Domain.Tests.csproj", "{4F54D2B0-0672-4E0A-9A0C-F04BB01F7A2F}"
EndProject
Project("{FAE04EC0-301F-11D3-BF4B-00C04F79EFBC}") = "Infrastructure.Tests", "tests\Infrastructure.Tests\Infrastructure.Tests.csproj", "{19D23F71-DC66-401B-A8A6-AA9CAE68F2C4}"
EndProject
Project("{FAE04EC0-301F-11D3-BF4B-00C04F79EFBC}") = "Api.Tests", "tests\Api.Tests\Api.Tests.csproj", "{4902D628-801E-4D2C-9525-F2F9F8D86021}"
EndProject
Global
	GlobalSection(SolutionConfigurationPlatforms) = preSolution
		Debug|Any CPU = Debug|Any CPU
		Release|Any CPU = Release|Any CPU
	EndGlobalSection
	GlobalSection(SolutionProperties) = preSolution
		HideSolutionNode = FALSE
	EndGlobalSection
	GlobalSection(ProjectConfigurationPlatforms) = postSolution
		{5D806E53-78BD-4863-B3C5-BD75D93F385A}.Debug|Any CPU.ActiveCfg = Debug|Any CPU
		{5D806E53-78BD-4863-B3C5-BD75D93F385A}.Debug|Any CPU.Build.0 = Debug|Any CPU
		{5D806E53-78BD-4863-B3C5-BD75D93F385A}.Release|Any CPU.ActiveCfg = Release|Any CPU
		{5D806E53-78BD-4863-B3C5-BD75D93F385A}.Release|Any CPU.Build.0 = Release|Any CPU
		{82E64236-5395-430B-A21B-4B5FAAD3149F}.Debug|Any CPU.ActiveCfg = Debug|Any CPU
		{82E64236-5395-430B-A21B-4B5FAAD3149F}.Debug|Any CPU.Build.0 = Debug|Any CPU
		{82E64236-5395-430B-A21B-4B5FAAD3149F}.Release|Any CPU.ActiveCfg = Release|Any CPU
		{82E64236-5395-430B-A21B-4B5FAAD3149F}.Release|Any CPU.Build.0 = Release|Any CPU
		{06B9790B-EEEC-49A4-926B-A1E0740A8753}.Debug|Any CPU.ActiveCfg = Debug|Any CPU
		{06B9790B-EEEC-49A4-926B-A1E0740A8753}.Debug|Any CPU.Build.0 = Debug|Any CPU
		{06B9790B-EEEC-49A4-926B-A1E0740A8753}.Release|Any CPU.ActiveCfg = Release|Any CPU
		{06B9790B-EEEC-49A4-926B-A1E0740A8753}.Release|Any CPU.Build.0 = Release|Any CPU
		{DFB57DF0-E7A9-4581-B055-05EB2D835A49}.Debug|Any CPU.ActiveCfg = Debug|Any CPU
		{DFB57DF0-E7A9-4581-B055-05EB2D835A49}.Debug|Any CPU.Build.0 = Debug|Any CPU
		{DFB57DF0-E7A9-4581-B055-05EB2D835A49}.Release|Any CPU.ActiveCfg = Release|Any CPU
		{DFB57DF0-E7A9-4581-B055-05EB2D835A49}.Release|Any CPU.Build.0 = Release|Any CPU
		{C54332CD-73D6-418E-B75E-E748ECC93752}.Debug|Any CPU.ActiveCfg = Debug|Any CPU
		{C54332CD-73D6-418E-B75E-E748ECC93752}.Debug|Any CPU.Build.0 = Debug|Any CPU
		{C54332CD-73D6-418E-B75E-E748ECC93752}.Release|Any CPU.ActiveCfg = Release|Any CPU
		{C54332CD-73D6-418E-B75E-E748ECC93752}.Release|Any CPU.Build.0 = Release|Any CPU
		{4F54D2B0-0672-4E0A-9A0C-F04BB01F7A2F}.Debug|Any CPU.ActiveCfg = Debug|Any CPU
		{4F54D2B0-0672-4E0A-9A0C-F04BB01F7A2F}.Debug|Any CPU.Build.0 = Debug|Any CPU
		{4F54D2B0-0672-4E0A-9A0C-F04BB01F7A2F}.Release|Any CPU.ActiveCfg = Release|Any CPU
		{4F54D2B0-0672-4E0A-9A0C-F04BB01F7A2F}.Release|Any CPU.Build.0 = Release|Any CPU
		{19D23F71-DC66-401B-A8A6-AA9CAE68F2C4}.Debug|Any CPU.ActiveCfg = Debug|Any CPU
		{19D23F71-DC66-401B-A8A6-AA9CAE68F2C4}.Debug|Any CPU.Build.0 = Debug|Any CPU
		{19D23F71-DC66-401B-A8A6-AA9CAE68F2C4}.Release|Any CPU.ActiveCfg = Release|Any CPU
		{19D23F71-DC66-401B-A8A6-AA9CAE68F2C4}.Release|Any CPU.Build.0 = Release|Any CPU
		{4902D628-801E-4D2C-9525-F2F9F8D86021}.Debug|Any CPU.ActiveCfg = Debug|Any CPU
		{4902D628-801E-4D2C-9525-F2F9F8D86021}.Debug|Any CPU.Build.0 = Debug|Any CPU
		{4902D628-801E-4D2C-9525-F2F9F8D86021}.Release|Any CPU.ActiveCfg = Release|Any CPU
		{4902D628-801E-4D2C-9525-F2F9F8D86021}.Release|Any CPU.Build.0 = Release|Any CPU
	EndGlobalSection
	GlobalSection(NestedProjects) = preSolution
		{5D806E53-78BD-4863-B3C5-BD75D93F385A} = {2A6E53F5-4D00-4E4F-B2B5-75959F489B19}
		{82E64236-5395-430B-A21B-4B5FAAD3149F} = {2A6E53F5-4D00-4E4F-B2B5-75959F489B19}
		{06B9790B-EEEC-49A4-926B-A1E0740A8753} = {2A6E53F5-4D00-4E4F-B2B5-75959F489B19}
		{DFB57DF0-E7A9-4581-B055-05EB2D835A49} = {2A6E53F5-4D00-4E4F-B2B5-75959F489B19}
		{C54332CD-73D6-418E-B75E-E748ECC93752} = {A8BDB8A5-AE6F-4B18-95B6-526B41CC8851}
		{4F54D2B0-0672-4E0A-9A0C-F04BB01F7A2F} = {A8BDB8A5-AE6F-4B18-95B6-526B41CC8851}
		{19D23F71-DC66-401B-A8A6-AA9CAE68F2C4} = {A8BDB8A5-AE6F-4B18-95B6-526B41CC8851}
		{4902D628-801E-4D2C-9525-F2F9F8D86021} = {A8BDB8A5-AE6F-4B18-95B6-526B41CC8851}
	EndGlobalSection
EndGlobal
