
Microsoft Visual Studio Solution File, Format Version 12.00
# Visual Studio Version 17
VisualStudioVersion = 17.1.32210.238
MinimumVisualStudioVersion = 10.0.40219.1
Project("{2150E333-8FDC-42A3-9474-1A3956D46DE8}") = "src", "src", "{F4A1BE0B-B549-4ADB-AF75-3DEFAF3C9676}"
EndProject
Project("{9A19103F-16F7-4668-BE54-9A1E7A4F7556}") = "Api", "src\Api\Api.csproj", "{2EEA2663-D174-4D1F-A71C-EE1253A907FB}"
EndProject
Project("{2150E333-8FDC-42A3-9474-1A3956D46DE8}") = "tests", "tests", "{0414A5B7-544A-4B51-9D6E-A83BB5EEB8E4}"
EndProject
Project("{9A19103F-16F7-4668-BE54-9A1E7A4F7556}") = "Api.Tests", "tests\Api.Tests\Api.Tests.csproj", "{D5EA3103-8E0F-4341-961E-3D70E52A393C}"
EndProject
Project("{FAE04EC0-301F-11D3-BF4B-00C04F79EFBC}") = "Domain", "src\Domain\Domain.csproj", "{79E27AC1-D786-404B-AF4D-64309E20B8CA}"
EndProject
Project("{FAE04EC0-301F-11D3-BF4B-00C04F79EFBC}") = "Application", "src\Application\Application.csproj", "{81E71F3B-7EFA-4A76-9F77-9F43CDCDC5AA}"
EndProject
Project("{FAE04EC0-301F-11D3-BF4B-00C04F79EFBC}") = "Infrastructure", "src\Infrastructure\Infrastructure.csproj", "{32305B0D-77A8-43A0-91FD-E8AC0AD422A0}"
EndProject
Project("{FAE04EC0-301F-11D3-BF4B-00C04F79EFBC}") = "Application.Tests", "tests\Application.Tests\Application.Tests.csproj", "{84711DF1-0924-4898-B7A2-22B7F138247F}"
EndProject
Project("{FAE04EC0-301F-11D3-BF4B-00C04F79EFBC}") = "Domain.Tests", "tests\Domain.Tests\Domain.Tests.csproj", "{ADA292F8-1880-4B43-9227-C8C50A05916B}"
EndProject
Project("{FAE04EC0-301F-11D3-BF4B-00C04F79EFBC}") = "Infrastructure.Tests", "tests\Infrastructure.Tests\Infrastructure.Tests.csproj", "{C0DF0BA7-12B5-4766-8D2D-A071894807EB}"
EndProject
Global
	GlobalSection(SolutionConfigurationPlatforms) = preSolution
		Debug|Any CPU = Debug|Any CPU
		Release|Any CPU = Release|Any CPU
	EndGlobalSection
	GlobalSection(ProjectConfigurationPlatforms) = postSolution
		{2EEA2663-D174-4D1F-A71C-EE1253A907FB}.Debug|Any CPU.ActiveCfg = Debug|Any CPU
		{2EEA2663-D174-4D1F-A71C-EE1253A907FB}.Debug|Any CPU.Build.0 = Debug|Any CPU
		{2EEA2663-D174-4D1F-A71C-EE1253A907FB}.Release|Any CPU.ActiveCfg = Release|Any CPU
		{2EEA2663-D174-4D1F-A71C-EE1253A907FB}.Release|Any CPU.Build.0 = Release|Any CPU
		{D5EA3103-8E0F-4341-961E-3D70E52A393C}.Debug|Any CPU.ActiveCfg = Debug|Any CPU
		{D5EA3103-8E0F-4341-961E-3D70E52A393C}.Debug|Any CPU.Build.0 = Debug|Any CPU
		{D5EA3103-8E0F-4341-961E-3D70E52A393C}.Release|Any CPU.ActiveCfg = Release|Any CPU
		{D5EA3103-8E0F-4341-961E-3D70E52A393C}.Release|Any CPU.Build.0 = Release|Any CPU
		{79E27AC1-D786-404B-AF4D-64309E20B8CA}.Debug|Any CPU.ActiveCfg = Debug|Any CPU
		{79E27AC1-D786-404B-AF4D-64309E20B8CA}.Debug|Any CPU.Build.0 = Debug|Any CPU
		{79E27AC1-D786-404B-AF4D-64309E20B8CA}.Release|Any CPU.ActiveCfg = Release|Any CPU
		{79E27AC1-D786-404B-AF4D-64309E20B8CA}.Release|Any CPU.Build.0 = Release|Any CPU
		{81E71F3B-7EFA-4A76-9F77-9F43CDCDC5AA}.Debug|Any CPU.ActiveCfg = Debug|Any CPU
		{81E71F3B-7EFA-4A76-9F77-9F43CDCDC5AA}.Debug|Any CPU.Build.0 = Debug|Any CPU
		{81E71F3B-7EFA-4A76-9F77-9F43CDCDC5AA}.Release|Any CPU.ActiveCfg = Release|Any CPU
		{81E71F3B-7EFA-4A76-9F77-9F43CDCDC5AA}.Release|Any CPU.Build.0 = Release|Any CPU
		{32305B0D-77A8-43A0-91FD-E8AC0AD422A0}.Debug|Any CPU.ActiveCfg = Debug|Any CPU
		{32305B0D-77A8-43A0-91FD-E8AC0AD422A0}.Debug|Any CPU.Build.0 = Debug|Any CPU
		{32305B0D-77A8-43A0-91FD-E8AC0AD422A0}.Release|Any CPU.ActiveCfg = Release|Any CPU
		{32305B0D-77A8-43A0-91FD-E8AC0AD422A0}.Release|Any CPU.Build.0 = Release|Any CPU
		{84711DF1-0924-4898-B7A2-22B7F138247F}.Debug|Any CPU.ActiveCfg = Debug|Any CPU
		{84711DF1-0924-4898-B7A2-22B7F138247F}.Debug|Any CPU.Build.0 = Debug|Any CPU
		{84711DF1-0924-4898-B7A2-22B7F138247F}.Release|Any CPU.ActiveCfg = Release|Any CPU
		{84711DF1-0924-4898-B7A2-22B7F138247F}.Release|Any CPU.Build.0 = Release|Any CPU
		{ADA292F8-1880-4B43-9227-C8C50A05916B}.Debug|Any CPU.ActiveCfg = Debug|Any CPU
		{ADA292F8-1880-4B43-9227-C8C50A05916B}.Debug|Any CPU.Build.0 = Debug|Any CPU
		{ADA292F8-1880-4B43-9227-C8C50A05916B}.Release|Any CPU.ActiveCfg = Release|Any CPU
		{ADA292F8-1880-4B43-9227-C8C50A05916B}.Release|Any CPU.Build.0 = Release|Any CPU
		{C0DF0BA7-12B5-4766-8D2D-A071894807EB}.Debug|Any CPU.ActiveCfg = Debug|Any CPU
		{C0DF0BA7-12B5-4766-8D2D-A071894807EB}.Debug|Any CPU.Build.0 = Debug|Any CPU
		{C0DF0BA7-12B5-4766-8D2D-A071894807EB}.Release|Any CPU.ActiveCfg = Release|Any CPU
		{C0DF0BA7-12B5-4766-8D2D-A071894807EB}.Release|Any CPU.Build.0 = Release|Any CPU
	EndGlobalSection
	GlobalSection(SolutionProperties) = preSolution
		HideSolutionNode = FALSE
	EndGlobalSection
	GlobalSection(NestedProjects) = preSolution
		{2EEA2663-D174-4D1F-A71C-EE1253A907FB} = {F4A1BE0B-B549-4ADB-AF75-3DEFAF3C9676}
		{D5EA3103-8E0F-4341-961E-3D70E52A393C} = {0414A5B7-544A-4B51-9D6E-A83BB5EEB8E4}
		{79E27AC1-D786-404B-AF4D-64309E20B8CA} = {F4A1BE0B-B549-4ADB-AF75-3DEFAF3C9676}
		{81E71F3B-7EFA-4A76-9F77-9F43CDCDC5AA} = {F4A1BE0B-B549-4ADB-AF75-3DEFAF3C9676}
		{32305B0D-77A8-43A0-91FD-E8AC0AD422A0} = {F4A1BE0B-B549-4ADB-AF75-3DEFAF3C9676}
		{84711DF1-0924-4898-B7A2-22B7F138247F} = {0414A5B7-544A-4B51-9D6E-A83BB5EEB8E4}
		{ADA292F8-1880-4B43-9227-C8C50A05916B} = {0414A5B7-544A-4B51-9D6E-A83BB5EEB8E4}
		{C0DF0BA7-12B5-4766-8D2D-A071894807EB} = {0414A5B7-544A-4B51-9D6E-A83BB5EEB8E4}
	EndGlobalSection
	GlobalSection(ExtensibilityGlobals) = postSolution
		SolutionGuid = {1E7FF37E-1D3A-4B49-8D72-B038C4A5C59A}
	EndGlobalSection
EndGlobal
