
Microsoft Visual Studio Solution File, Format Version 12.00
# Visual Studio Version 16
VisualStudioVersion = 16.0.30114.105
MinimumVisualStudioVersion = 10.0.40219.1
Project("{2150E333-8FDC-42A3-9474-1A3956D46DE8}") = "src", "src", "{D01E3AB4-2FDE-48ED-8844-1C442BC56602}"
EndProject
Project("{FAE04EC0-301F-11D3-BF4B-00C04F79EFBC}") = "Api", "src\Api\Api.csproj", "{F80358B2-483B-4E44-AE77-17426F16C6C2}"
EndProject
Project("{FAE04EC0-301F-11D3-BF4B-00C04F79EFBC}") = "Domain", "src\Domain\Domain.csproj", "{5F1174D2-644E-4B2D-8B1B-42A873999E5A}"
EndProject
Project("{FAE04EC0-301F-11D3-BF4B-00C04F79EFBC}") = "Application", "src\Application\Application.csproj", "{9E1650B9-4C8C-4A74-826D-36CD11E9E58C}"
EndProject
Project("{FAE04EC0-301F-11D3-BF4B-00C04F79EFBC}") = "Infrastructure", "src\Infrastructure\Infrastructure.csproj", "{00BE2D04-E7AC-4E73-9318-166488EA2D64}"
EndProject
Project("{2150E333-8FDC-42A3-9474-1A3956D46DE8}") = "tests", "tests", "{C19DB43C-E445-43A4-9855-2D2A2B6E75E0}"
EndProject
Project("{FAE04EC0-301F-11D3-BF4B-00C04F79EFBC}") = "Api.Tests", "tests\Api.Tests\Api.Tests.csproj", "{DEA7882B-4339-449D-A70C-C36BC4989B07}"
EndProject
Project("{FAE04EC0-301F-11D3-BF4B-00C04F79EFBC}") = "Domain.Tests", "tests\Domain.Tests\Domain.Tests.csproj", "{61877517-F8AE-4455-8E84-64EE9C858695}"
EndProject
Project("{FAE04EC0-301F-11D3-BF4B-00C04F79EFBC}") = "Application.Tests", "tests\Application.Tests\Application.Tests.csproj", "{1816CCCD-C55E-426B-8EDC-ABDAF8381AF7}"
EndProject
Project("{FAE04EC0-301F-11D3-BF4B-00C04F79EFBC}") = "Infrastructure.Tests", "tests\Infrastructure.Tests\Infrastructure.Tests.csproj", "{3B530029-129C-4A7F-BB94-F61366947323}"
EndProject
Global
	GlobalSection(SolutionConfigurationPlatforms) = preSolution
		Debug|Any CPU = Debug|Any CPU
		Release|Any CPU = Release|Any CPU
	EndGlobalSection
	GlobalSection(SolutionProperties) = preSolution
		HideSolutionNode = FALSE
	EndGlobalSection
	GlobalSection(ProjectConfigurationPlatforms) = postSolution
		{F80358B2-483B-4E44-AE77-17426F16C6C2}.Debug|Any CPU.ActiveCfg = Debug|Any CPU
		{F80358B2-483B-4E44-AE77-17426F16C6C2}.Debug|Any CPU.Build.0 = Debug|Any CPU
		{F80358B2-483B-4E44-AE77-17426F16C6C2}.Release|Any CPU.ActiveCfg = Release|Any CPU
		{F80358B2-483B-4E44-AE77-17426F16C6C2}.Release|Any CPU.Build.0 = Release|Any CPU
		{5F1174D2-644E-4B2D-8B1B-42A873999E5A}.Debug|Any CPU.ActiveCfg = Debug|Any CPU
		{5F1174D2-644E-4B2D-8B1B-42A873999E5A}.Debug|Any CPU.Build.0 = Debug|Any CPU
		{5F1174D2-644E-4B2D-8B1B-42A873999E5A}.Release|Any CPU.ActiveCfg = Release|Any CPU
		{5F1174D2-644E-4B2D-8B1B-42A873999E5A}.Release|Any CPU.Build.0 = Release|Any CPU
		{9E1650B9-4C8C-4A74-826D-36CD11E9E58C}.Debug|Any CPU.ActiveCfg = Debug|Any CPU
		{9E1650B9-4C8C-4A74-826D-36CD11E9E58C}.Debug|Any CPU.Build.0 = Debug|Any CPU
		{9E1650B9-4C8C-4A74-826D-36CD11E9E58C}.Release|Any CPU.ActiveCfg = Release|Any CPU
		{9E1650B9-4C8C-4A74-826D-36CD11E9E58C}.Release|Any CPU.Build.0 = Release|Any CPU
		{00BE2D04-E7AC-4E73-9318-166488EA2D64}.Debug|Any CPU.ActiveCfg = Debug|Any CPU
		{00BE2D04-E7AC-4E73-9318-166488EA2D64}.Debug|Any CPU.Build.0 = Debug|Any CPU
		{00BE2D04-E7AC-4E73-9318-166488EA2D64}.Release|Any CPU.ActiveCfg = Release|Any CPU
		{00BE2D04-E7AC-4E73-9318-166488EA2D64}.Release|Any CPU.Build.0 = Release|Any CPU
		{DEA7882B-4339-449D-A70C-C36BC4989B07}.Debug|Any CPU.ActiveCfg = Debug|Any CPU
		{DEA7882B-4339-449D-A70C-C36BC4989B07}.Debug|Any CPU.Build.0 = Debug|Any CPU
		{DEA7882B-4339-449D-A70C-C36BC4989B07}.Release|Any CPU.ActiveCfg = Release|Any CPU
		{DEA7882B-4339-449D-A70C-C36BC4989B07}.Release|Any CPU.Build.0 = Release|Any CPU
		{61877517-F8AE-4455-8E84-64EE9C858695}.Debug|Any CPU.ActiveCfg = Debug|Any CPU
		{61877517-F8AE-4455-8E84-64EE9C858695}.Debug|Any CPU.Build.0 = Debug|Any CPU
		{61877517-F8AE-4455-8E84-64EE9C858695}.Release|Any CPU.ActiveCfg = Release|Any CPU
		{61877517-F8AE-4455-8E84-64EE9C858695}.Release|Any CPU.Build.0 = Release|Any CPU
		{1816CCCD-C55E-426B-8EDC-ABDAF8381AF7}.Debug|Any CPU.ActiveCfg = Debug|Any CPU
		{1816CCCD-C55E-426B-8EDC-ABDAF8381AF7}.Debug|Any CPU.Build.0 = Debug|Any CPU
		{1816CCCD-C55E-426B-8EDC-ABDAF8381AF7}.Release|Any CPU.ActiveCfg = Release|Any CPU
		{1816CCCD-C55E-426B-8EDC-ABDAF8381AF7}.Release|Any CPU.Build.0 = Release|Any CPU
		{3B530029-129C-4A7F-BB94-F61366947323}.Debug|Any CPU.ActiveCfg = Debug|Any CPU
		{3B530029-129C-4A7F-BB94-F61366947323}.Debug|Any CPU.Build.0 = Debug|Any CPU
		{3B530029-129C-4A7F-BB94-F61366947323}.Release|Any CPU.ActiveCfg = Release|Any CPU
		{3B530029-129C-4A7F-BB94-F61366947323}.Release|Any CPU.Build.0 = Release|Any CPU
	EndGlobalSection
	GlobalSection(NestedProjects) = preSolution
		{F80358B2-483B-4E44-AE77-17426F16C6C2} = {D01E3AB4-2FDE-48ED-8844-1C442BC56602}
		{5F1174D2-644E-4B2D-8B1B-42A873999E5A} = {D01E3AB4-2FDE-48ED-8844-1C442BC56602}
		{9E1650B9-4C8C-4A74-826D-36CD11E9E58C} = {D01E3AB4-2FDE-48ED-8844-1C442BC56602}
		{00BE2D04-E7AC-4E73-9318-166488EA2D64} = {D01E3AB4-2FDE-48ED-8844-1C442BC56602}
		{DEA7882B-4339-449D-A70C-C36BC4989B07} = {C19DB43C-E445-43A4-9855-2D2A2B6E75E0}
		{61877517-F8AE-4455-8E84-64EE9C858695} = {C19DB43C-E445-43A4-9855-2D2A2B6E75E0}
		{1816CCCD-C55E-426B-8EDC-ABDAF8381AF7} = {C19DB43C-E445-43A4-9855-2D2A2B6E75E0}
		{3B530029-129C-4A7F-BB94-F61366947323} = {C19DB43C-E445-43A4-9855-2D2A2B6E75E0}
	EndGlobalSection
EndGlobal
