
Microsoft Visual Studio Solution File, Format Version 12.00
# Visual Studio Version 16
VisualStudioVersion = 16.0.30114.105
MinimumVisualStudioVersion = 10.0.40219.1
Project("{2150E333-8FDC-42A3-9474-1A3956D46DE8}") = "src", "src", "{6D4890F3-BEB4-4170-B1C9-EEAC18ACF76C}"
EndProject
Project("{FAE04EC0-301F-11D3-BF4B-00C04F79EFBC}") = "Api", "src\Api\Api.csproj", "{8C05E723-F942-4815-BB9D-4398E7E026EB}"
EndProject
Project("{FAE04EC0-301F-11D3-BF4B-00C04F79EFBC}") = "Domain", "src\Domain\Domain.csproj", "{6E9840A6-DA27-45D7-B6BC-16FC022383C4}"
EndProject
Project("{FAE04EC0-301F-11D3-BF4B-00C04F79EFBC}") = "Application", "src\Application\Application.csproj", "{70A59157-54CB-443D-83AC-8112189852CA}"
EndProject
Project("{FAE04EC0-301F-11D3-BF4B-00C04F79EFBC}") = "Infrastructure", "src\Infrastructure\Infrastructure.csproj", "{DBEA1912-0FD5-4C2A-928C-829341024F82}"
EndProject
Project("{2150E333-8FDC-42A3-9474-1A3956D46DE8}") = "tests", "tests", "{19FFF1DF-6735-4E00-B63E-3488E485E4E5}"
EndProject
Project("{FAE04EC0-301F-11D3-BF4B-00C04F79EFBC}") = "Api.Tests", "tests\Api.Tests\Api.Tests.csproj", "{2B830F8E-9129-4E76-AB70-B8B05F537FBA}"
EndProject
Project("{FAE04EC0-301F-11D3-BF4B-00C04F79EFBC}") = "Domain.Tests", "tests\Domain.Tests\Domain.Tests.csproj", "{9E568A6A-CCE1-4585-9FAF-A167D64F2A14}"
EndProject
Project("{FAE04EC0-301F-11D3-BF4B-00C04F79EFBC}") = "Application.Tests", "tests\Application.Tests\Application.Tests.csproj", "{32FB54C0-DACF-4DEE-BDA6-0411E29C7C84}"
EndProject
Project("{FAE04EC0-301F-11D3-BF4B-00C04F79EFBC}") = "Infrastructure.Tests", "tests\Infrastructure.Tests\Infrastructure.Tests.csproj", "{F610746C-EDAE-479D-8070-5DBDB7F48080}"
EndProject
Global
	GlobalSection(SolutionConfigurationPlatforms) = preSolution
		Debug|Any CPU = Debug|Any CPU
		Release|Any CPU = Release|Any CPU
	EndGlobalSection
	GlobalSection(SolutionProperties) = preSolution
		HideSolutionNode = FALSE
	EndGlobalSection
	GlobalSection(ProjectConfigurationPlatforms) = postSolution
		{8C05E723-F942-4815-BB9D-4398E7E026EB}.Debug|Any CPU.ActiveCfg = Debug|Any CPU
		{8C05E723-F942-4815-BB9D-4398E7E026EB}.Debug|Any CPU.Build.0 = Debug|Any CPU
		{8C05E723-F942-4815-BB9D-4398E7E026EB}.Release|Any CPU.ActiveCfg = Release|Any CPU
		{8C05E723-F942-4815-BB9D-4398E7E026EB}.Release|Any CPU.Build.0 = Release|Any CPU
		{6E9840A6-DA27-45D7-B6BC-16FC022383C4}.Debug|Any CPU.ActiveCfg = Debug|Any CPU
		{6E9840A6-DA27-45D7-B6BC-16FC022383C4}.Debug|Any CPU.Build.0 = Debug|Any CPU
		{6E9840A6-DA27-45D7-B6BC-16FC022383C4}.Release|Any CPU.ActiveCfg = Release|Any CPU
		{6E9840A6-DA27-45D7-B6BC-16FC022383C4}.Release|Any CPU.Build.0 = Release|Any CPU
		{70A59157-54CB-443D-83AC-8112189852CA}.Debug|Any CPU.ActiveCfg = Debug|Any CPU
		{70A59157-54CB-443D-83AC-8112189852CA}.Debug|Any CPU.Build.0 = Debug|Any CPU
		{70A59157-54CB-443D-83AC-8112189852CA}.Release|Any CPU.ActiveCfg = Release|Any CPU
		{70A59157-54CB-443D-83AC-8112189852CA}.Release|Any CPU.Build.0 = Release|Any CPU
		{DBEA1912-0FD5-4C2A-928C-829341024F82}.Debug|Any CPU.ActiveCfg = Debug|Any CPU
		{DBEA1912-0FD5-4C2A-928C-829341024F82}.Debug|Any CPU.Build.0 = Debug|Any CPU
		{DBEA1912-0FD5-4C2A-928C-829341024F82}.Release|Any CPU.ActiveCfg = Release|Any CPU
		{DBEA1912-0FD5-4C2A-928C-829341024F82}.Release|Any CPU.Build.0 = Release|Any CPU
		{2B830F8E-9129-4E76-AB70-B8B05F537FBA}.Debug|Any CPU.ActiveCfg = Debug|Any CPU
		{2B830F8E-9129-4E76-AB70-B8B05F537FBA}.Debug|Any CPU.Build.0 = Debug|Any CPU
		{2B830F8E-9129-4E76-AB70-B8B05F537FBA}.Release|Any CPU.ActiveCfg = Release|Any CPU
		{2B830F8E-9129-4E76-AB70-B8B05F537FBA}.Release|Any CPU.Build.0 = Release|Any CPU
		{9E568A6A-CCE1-4585-9FAF-A167D64F2A14}.Debug|Any CPU.ActiveCfg = Debug|Any CPU
		{9E568A6A-CCE1-4585-9FAF-A167D64F2A14}.Debug|Any CPU.Build.0 = Debug|Any CPU
		{9E568A6A-CCE1-4585-9FAF-A167D64F2A14}.Release|Any CPU.ActiveCfg = Release|Any CPU
		{9E568A6A-CCE1-4585-9FAF-A167D64F2A14}.Release|Any CPU.Build.0 = Release|Any CPU
		{32FB54C0-DACF-4DEE-BDA6-0411E29C7C84}.Debug|Any CPU.ActiveCfg = Debug|Any CPU
		{32FB54C0-DACF-4DEE-BDA6-0411E29C7C84}.Debug|Any CPU.Build.0 = Debug|Any CPU
		{32FB54C0-DACF-4DEE-BDA6-0411E29C7C84}.Release|Any CPU.ActiveCfg = Release|Any CPU
		{32FB54C0-DACF-4DEE-BDA6-0411E29C7C84}.Release|Any CPU.Build.0 = Release|Any CPU
		{F610746C-EDAE-479D-8070-5DBDB7F48080}.Debug|Any CPU.ActiveCfg = Debug|Any CPU
		{F610746C-EDAE-479D-8070-5DBDB7F48080}.Debug|Any CPU.Build.0 = Debug|Any CPU
		{F610746C-EDAE-479D-8070-5DBDB7F48080}.Release|Any CPU.ActiveCfg = Release|Any CPU
		{F610746C-EDAE-479D-8070-5DBDB7F48080}.Release|Any CPU.Build.0 = Release|Any CPU
	EndGlobalSection
	GlobalSection(NestedProjects) = preSolution
		{8C05E723-F942-4815-BB9D-4398E7E026EB} = {6D4890F3-BEB4-4170-B1C9-EEAC18ACF76C}
		{6E9840A6-DA27-45D7-B6BC-16FC022383C4} = {6D4890F3-BEB4-4170-B1C9-EEAC18ACF76C}
		{70A59157-54CB-443D-83AC-8112189852CA} = {6D4890F3-BEB4-4170-B1C9-EEAC18ACF76C}
		{DBEA1912-0FD5-4C2A-928C-829341024F82} = {6D4890F3-BEB4-4170-B1C9-EEAC18ACF76C}
		{2B830F8E-9129-4E76-AB70-B8B05F537FBA} = {19FFF1DF-6735-4E00-B63E-3488E485E4E5}
		{9E568A6A-CCE1-4585-9FAF-A167D64F2A14} = {19FFF1DF-6735-4E00-B63E-3488E485E4E5}
		{32FB54C0-DACF-4DEE-BDA6-0411E29C7C84} = {19FFF1DF-6735-4E00-B63E-3488E485E4E5}
		{F610746C-EDAE-479D-8070-5DBDB7F48080} = {19FFF1DF-6735-4E00-B63E-3488E485E4E5}
	EndGlobalSection
EndGlobal
