
Microsoft Visual Studio Solution File, Format Version 12.00
# Visual Studio Version 16
VisualStudioVersion = 16.0.30114.105
MinimumVisualStudioVersion = 10.0.40219.1
Project("{2150E333-8FDC-42A3-9474-1A3956D46DE8}") = "src", "src", "{2113B458-0FCC-4A36-94C7-B0E49DF1B90F}"
EndProject
Project("{FAE04EC0-301F-11D3-BF4B-00C04F79EFBC}") = "Api", "src\Api\Api.csproj", "{7DDF736F-9E12-4BE7-AC59-28587EE536C6}"
EndProject
Project("{2150E333-8FDC-42A3-9474-1A3956D46DE8}") = "tests", "tests", "{14A014CA-13A7-4F33-8F1F-120006D5894E}"
EndProject
Project("{FAE04EC0-301F-11D3-BF4B-00C04F79EFBC}") = "Api.Tests", "tests\Api.Tests\Api.Tests.csproj", "{606D7FC2-0ABA-4175-91A7-F68C1CA61F94}"
EndProject
Project("{FAE04EC0-301F-11D3-BF4B-00C04F79EFBC}") = "Application", "src\Application\Application.csproj", "{511D42B5-F95D-4E2C-A0DC-0D9C48F9E6F7}"
EndProject
Project("{FAE04EC0-301F-11D3-BF4B-00C04F79EFBC}") = "Domain", "src\Domain\Domain.csproj", "{6C097B81-AB51-4C41-B6A2-8288DBDE1223}"
EndProject
Project("{FAE04EC0-301F-11D3-BF4B-00C04F79EFBC}") = "Infrastructure", "src\Infrastructure\Infrastructure.csproj", "{3E050239-E321-4CF1-9474-D333F2B3FB0A}"
EndProject
Project("{FAE04EC0-301F-11D3-BF4B-00C04F79EFBC}") = "Domain.Tests", "tests\Domain.Tests\Domain.Tests.csproj", "{5BB6FBE6-4F1B-459E-9078-693251DCE89A}"
EndProject
Project("{FAE04EC0-301F-11D3-BF4B-00C04F79EFBC}") = "Application.Tests", "tests\Application.Tests\Application.Tests.csproj", "{2388C471-0D0D-4397-9C74-4BB3FA909A7B}"
EndProject
Project("{FAE04EC0-301F-11D3-BF4B-00C04F79EFBC}") = "Infrastructure.Tests", "tests\Infrastructure.Tests\Infrastructure.Tests.csproj", "{94CC2169-235C-4178-9043-31A0AFE50633}"
EndProject
Global
	GlobalSection(SolutionConfigurationPlatforms) = preSolution
		Debug|Any CPU = Debug|Any CPU
		Release|Any CPU = Release|Any CPU
	EndGlobalSection
	GlobalSection(SolutionProperties) = preSolution
		HideSolutionNode = FALSE
	EndGlobalSection
	GlobalSection(ProjectConfigurationPlatforms) = postSolution
		{7DDF736F-9E12-4BE7-AC59-28587EE536C6}.Debug|Any CPU.ActiveCfg = Debug|Any CPU
		{7DDF736F-9E12-4BE7-AC59-28587EE536C6}.Debug|Any CPU.Build.0 = Debug|Any CPU
		{7DDF736F-9E12-4BE7-AC59-28587EE536C6}.Release|Any CPU.ActiveCfg = Release|Any CPU
		{7DDF736F-9E12-4BE7-AC59-28587EE536C6}.Release|Any CPU.Build.0 = Release|Any CPU
		{606D7FC2-0ABA-4175-91A7-F68C1CA61F94}.Debug|Any CPU.ActiveCfg = Debug|Any CPU
		{606D7FC2-0ABA-4175-91A7-F68C1CA61F94}.Debug|Any CPU.Build.0 = Debug|Any CPU
		{606D7FC2-0ABA-4175-91A7-F68C1CA61F94}.Release|Any CPU.ActiveCfg = Release|Any CPU
		{606D7FC2-0ABA-4175-91A7-F68C1CA61F94}.Release|Any CPU.Build.0 = Release|Any CPU
		{511D42B5-F95D-4E2C-A0DC-0D9C48F9E6F7}.Debug|Any CPU.ActiveCfg = Debug|Any CPU
		{511D42B5-F95D-4E2C-A0DC-0D9C48F9E6F7}.Debug|Any CPU.Build.0 = Debug|Any CPU
		{511D42B5-F95D-4E2C-A0DC-0D9C48F9E6F7}.Release|Any CPU.ActiveCfg = Release|Any CPU
		{511D42B5-F95D-4E2C-A0DC-0D9C48F9E6F7}.Release|Any CPU.Build.0 = Release|Any CPU
		{6C097B81-AB51-4C41-B6A2-8288DBDE1223}.Debug|Any CPU.ActiveCfg = Debug|Any CPU
		{6C097B81-AB51-4C41-B6A2-8288DBDE1223}.Debug|Any CPU.Build.0 = Debug|Any CPU
		{6C097B81-AB51-4C41-B6A2-8288DBDE1223}.Release|Any CPU.ActiveCfg = Release|Any CPU
		{6C097B81-AB51-4C41-B6A2-8288DBDE1223}.Release|Any CPU.Build.0 = Release|Any CPU
		{3E050239-E321-4CF1-9474-D333F2B3FB0A}.Debug|Any CPU.ActiveCfg = Debug|Any CPU
		{3E050239-E321-4CF1-9474-D333F2B3FB0A}.Debug|Any CPU.Build.0 = Debug|Any CPU
		{3E050239-E321-4CF1-9474-D333F2B3FB0A}.Release|Any CPU.ActiveCfg = Release|Any CPU
		{3E050239-E321-4CF1-9474-D333F2B3FB0A}.Release|Any CPU.Build.0 = Release|Any CPU
		{5BB6FBE6-4F1B-459E-9078-693251DCE89A}.Debug|Any CPU.ActiveCfg = Debug|Any CPU
		{5BB6FBE6-4F1B-459E-9078-693251DCE89A}.Debug|Any CPU.Build.0 = Debug|Any CPU
		{5BB6FBE6-4F1B-459E-9078-693251DCE89A}.Release|Any CPU.ActiveCfg = Release|Any CPU
		{5BB6FBE6-4F1B-459E-9078-693251DCE89A}.Release|Any CPU.Build.0 = Release|Any CPU
		{2388C471-0D0D-4397-9C74-4BB3FA909A7B}.Debug|Any CPU.ActiveCfg = Debug|Any CPU
		{2388C471-0D0D-4397-9C74-4BB3FA909A7B}.Debug|Any CPU.Build.0 = Debug|Any CPU
		{2388C471-0D0D-4397-9C74-4BB3FA909A7B}.Release|Any CPU.ActiveCfg = Release|Any CPU
		{2388C471-0D0D-4397-9C74-4BB3FA909A7B}.Release|Any CPU.Build.0 = Release|Any CPU
		{94CC2169-235C-4178-9043-31A0AFE50633}.Debug|Any CPU.ActiveCfg = Debug|Any CPU
		{94CC2169-235C-4178-9043-31A0AFE50633}.Debug|Any CPU.Build.0 = Debug|Any CPU
		{94CC2169-235C-4178-9043-31A0AFE50633}.Release|Any CPU.ActiveCfg = Release|Any CPU
		{94CC2169-235C-4178-9043-31A0AFE50633}.Release|Any CPU.Build.0 = Release|Any CPU
	EndGlobalSection
	GlobalSection(NestedProjects) = preSolution
		{7DDF736F-9E12-4BE7-AC59-28587EE536C6} = {2113B458-0FCC-4A36-94C7-B0E49DF1B90F}
		{606D7FC2-0ABA-4175-91A7-F68C1CA61F94} = {14A014CA-13A7-4F33-8F1F-120006D5894E}
		{511D42B5-F95D-4E2C-A0DC-0D9C48F9E6F7} = {2113B458-0FCC-4A36-94C7-B0E49DF1B90F}
		{6C097B81-AB51-4C41-B6A2-8288DBDE1223} = {2113B458-0FCC-4A36-94C7-B0E49DF1B90F}
		{3E050239-E321-4CF1-9474-D333F2B3FB0A} = {2113B458-0FCC-4A36-94C7-B0E49DF1B90F}
		{5BB6FBE6-4F1B-459E-9078-693251DCE89A} = {14A014CA-13A7-4F33-8F1F-120006D5894E}
		{2388C471-0D0D-4397-9C74-4BB3FA909A7B} = {14A014CA-13A7-4F33-8F1F-120006D5894E}
		{94CC2169-235C-4178-9043-31A0AFE50633} = {14A014CA-13A7-4F33-8F1F-120006D5894E}
	EndGlobalSection
EndGlobal
