
Microsoft Visual Studio Solution File, Format Version 12.00
# Visual Studio Version 16
VisualStudioVersion = 16.0.30114.105
MinimumVisualStudioVersion = 10.0.40219.1
Project("{2150E333-8FDC-42A3-9474-1A3956D46DE8}") = "src", "src", "{390D07BD-A61E-4F55-A2B5-A9CF3C8905C5}"
EndProject
Project("{FAE04EC0-301F-11D3-BF4B-00C04F79EFBC}") = "Api", "src\Api\Api.csproj", "{9F910E6C-9838-4AFC-98F6-3604880667BE}"
EndProject
Project("{FAE04EC0-301F-11D3-BF4B-00C04F79EFBC}") = "Domain", "src\Domain\Domain.csproj", "{BF85353F-572A-4E5F-8C09-52F7A03E9301}"
EndProject
Project("{FAE04EC0-301F-11D3-BF4B-00C04F79EFBC}") = "Infrastructure", "src\Infrastructure\Infrastructure.csproj", "{981C25BF-DC17-4243-8CC8-4E4528C9CC53}"
EndProject
Project("{FAE04EC0-301F-11D3-BF4B-00C04F79EFBC}") = "Application", "src\Application\Application.csproj", "{88BC0796-8EBB-482A-A758-8473A192F885}"
EndProject
Project("{2150E333-8FDC-42A3-9474-1A3956D46DE8}") = "tests", "tests", "{906C513B-AE9C-418A-B69A-A3EF08457655}"
EndProject
Project("{FAE04EC0-301F-11D3-BF4B-00C04F79EFBC}") = "Api.Tests", "tests\Api.Tests\Api.Tests.csproj", "{5F5A5593-C468-41D9-9919-C6AF428F27D3}"
EndProject
Project("{FAE04EC0-301F-11D3-BF4B-00C04F79EFBC}") = "Application.Tests", "tests\Application.Tests\Application.Tests.csproj", "{237FCCC8-D5B5-4972-B316-3DF757123B8D}"
EndProject
Project("{FAE04EC0-301F-11D3-BF4B-00C04F79EFBC}") = "Domain.Tests", "tests\Domain.Tests\Domain.Tests.csproj", "{BFD7EDB1-5645-4CA6-87FF-DB409F57F9D1}"
EndProject
Project("{FAE04EC0-301F-11D3-BF4B-00C04F79EFBC}") = "Infrastructure.Tests", "tests\Infrastructure.Tests\Infrastructure.Tests.csproj", "{3217CA76-5D66-4BB2-8EDC-9E0744810369}"
EndProject
Global
	GlobalSection(SolutionConfigurationPlatforms) = preSolution
		Debug|Any CPU = Debug|Any CPU
		Release|Any CPU = Release|Any CPU
	EndGlobalSection
	GlobalSection(SolutionProperties) = preSolution
		HideSolutionNode = FALSE
	EndGlobalSection
	GlobalSection(ProjectConfigurationPlatforms) = postSolution
		{9F910E6C-9838-4AFC-98F6-3604880667BE}.Debug|Any CPU.ActiveCfg = Debug|Any CPU
		{9F910E6C-9838-4AFC-98F6-3604880667BE}.Debug|Any CPU.Build.0 = Debug|Any CPU
		{9F910E6C-9838-4AFC-98F6-3604880667BE}.Release|Any CPU.ActiveCfg = Release|Any CPU
		{9F910E6C-9838-4AFC-98F6-3604880667BE}.Release|Any CPU.Build.0 = Release|Any CPU
		{BF85353F-572A-4E5F-8C09-52F7A03E9301}.Debug|Any CPU.ActiveCfg = Debug|Any CPU
		{BF85353F-572A-4E5F-8C09-52F7A03E9301}.Debug|Any CPU.Build.0 = Debug|Any CPU
		{BF85353F-572A-4E5F-8C09-52F7A03E9301}.Release|Any CPU.ActiveCfg = Release|Any CPU
		{BF85353F-572A-4E5F-8C09-52F7A03E9301}.Release|Any CPU.Build.0 = Release|Any CPU
		{981C25BF-DC17-4243-8CC8-4E4528C9CC53}.Debug|Any CPU.ActiveCfg = Debug|Any CPU
		{981C25BF-DC17-4243-8CC8-4E4528C9CC53}.Debug|Any CPU.Build.0 = Debug|Any CPU
		{981C25BF-DC17-4243-8CC8-4E4528C9CC53}.Release|Any CPU.ActiveCfg = Release|Any CPU
		{981C25BF-DC17-4243-8CC8-4E4528C9CC53}.Release|Any CPU.Build.0 = Release|Any CPU
		{88BC0796-8EBB-482A-A758-8473A192F885}.Debug|Any CPU.ActiveCfg = Debug|Any CPU
		{88BC0796-8EBB-482A-A758-8473A192F885}.Debug|Any CPU.Build.0 = Debug|Any CPU
		{88BC0796-8EBB-482A-A758-8473A192F885}.Release|Any CPU.ActiveCfg = Release|Any CPU
		{88BC0796-8EBB-482A-A758-8473A192F885}.Release|Any CPU.Build.0 = Release|Any CPU
		{5F5A5593-C468-41D9-9919-C6AF428F27D3}.Debug|Any CPU.ActiveCfg = Debug|Any CPU
		{5F5A5593-C468-41D9-9919-C6AF428F27D3}.Debug|Any CPU.Build.0 = Debug|Any CPU
		{5F5A5593-C468-41D9-9919-C6AF428F27D3}.Release|Any CPU.ActiveCfg = Release|Any CPU
		{5F5A5593-C468-41D9-9919-C6AF428F27D3}.Release|Any CPU.Build.0 = Release|Any CPU
		{237FCCC8-D5B5-4972-B316-3DF757123B8D}.Debug|Any CPU.ActiveCfg = Debug|Any CPU
		{237FCCC8-D5B5-4972-B316-3DF757123B8D}.Debug|Any CPU.Build.0 = Debug|Any CPU
		{237FCCC8-D5B5-4972-B316-3DF757123B8D}.Release|Any CPU.ActiveCfg = Release|Any CPU
		{237FCCC8-D5B5-4972-B316-3DF757123B8D}.Release|Any CPU.Build.0 = Release|Any CPU
		{BFD7EDB1-5645-4CA6-87FF-DB409F57F9D1}.Debug|Any CPU.ActiveCfg = Debug|Any CPU
		{BFD7EDB1-5645-4CA6-87FF-DB409F57F9D1}.Debug|Any CPU.Build.0 = Debug|Any CPU
		{BFD7EDB1-5645-4CA6-87FF-DB409F57F9D1}.Release|Any CPU.ActiveCfg = Release|Any CPU
		{BFD7EDB1-5645-4CA6-87FF-DB409F57F9D1}.Release|Any CPU.Build.0 = Release|Any CPU
		{3217CA76-5D66-4BB2-8EDC-9E0744810369}.Debug|Any CPU.ActiveCfg = Debug|Any CPU
		{3217CA76-5D66-4BB2-8EDC-9E0744810369}.Debug|Any CPU.Build.0 = Debug|Any CPU
		{3217CA76-5D66-4BB2-8EDC-9E0744810369}.Release|Any CPU.ActiveCfg = Release|Any CPU
		{3217CA76-5D66-4BB2-8EDC-9E0744810369}.Release|Any CPU.Build.0 = Release|Any CPU
	EndGlobalSection
	GlobalSection(NestedProjects) = preSolution
		{9F910E6C-9838-4AFC-98F6-3604880667BE} = {390D07BD-A61E-4F55-A2B5-A9CF3C8905C5}
		{BF85353F-572A-4E5F-8C09-52F7A03E9301} = {390D07BD-A61E-4F55-A2B5-A9CF3C8905C5}
		{981C25BF-DC17-4243-8CC8-4E4528C9CC53} = {390D07BD-A61E-4F55-A2B5-A9CF3C8905C5}
		{88BC0796-8EBB-482A-A758-8473A192F885} = {390D07BD-A61E-4F55-A2B5-A9CF3C8905C5}
		{5F5A5593-C468-41D9-9919-C6AF428F27D3} = {906C513B-AE9C-418A-B69A-A3EF08457655}
		{237FCCC8-D5B5-4972-B316-3DF757123B8D} = {906C513B-AE9C-418A-B69A-A3EF08457655}
		{BFD7EDB1-5645-4CA6-87FF-DB409F57F9D1} = {906C513B-AE9C-418A-B69A-A3EF08457655}
		{3217CA76-5D66-4BB2-8EDC-9E0744810369} = {906C513B-AE9C-418A-B69A-A3EF08457655}
	EndGlobalSection
EndGlobal
