
Microsoft Visual Studio Solution File, Format Version 12.00
# Visual Studio Version 16
VisualStudioVersion = 16.0.30114.105
MinimumVisualStudioVersion = 10.0.40219.1
Project("{2150E333-8FDC-42A3-9474-1A3956D46DE8}") = "src", "src", "{4DF6B6C6-F7B1-4A67-88C3-99FB43EA061C}"
EndProject
Project("{FAE04EC0-301F-11D3-BF4B-00C04F79EFBC}") = "Api", "src\Api\Api.csproj", "{698D6A30-D550-4DDC-B664-1781C9905CA3}"
EndProject
Project("{2150E333-8FDC-42A3-9474-1A3956D46DE8}") = "tests", "tests", "{75482417-9A5A-4B40-A70C-9C6EE9EBB400}"
EndProject
Project("{FAE04EC0-301F-11D3-BF4B-00C04F79EFBC}") = "Api.Tests", "tests\Api.Tests\Api.Tests.csproj", "{B6E60E6A-A018-48CC-A6BF-34CFD4B057B0}"
EndProject
Project("{FAE04EC0-301F-11D3-BF4B-00C04F79EFBC}") = "Domain", "src\Domain\Domain.csproj", "{C90D4496-7CC4-47DE-816F-D95CEE15D906}"
EndProject
Project("{FAE04EC0-301F-11D3-BF4B-00C04F79EFBC}") = "Application", "src\Application\Application.csproj", "{E0E834AD-696F-442F-B4E2-9DB4EE13FAFC}"
EndProject
Project("{FAE04EC0-301F-11D3-BF4B-00C04F79EFBC}") = "Domain.Tests", "tests\Domain.Tests\Domain.Tests.csproj", "{2BFB8288-A0B9-45D8-B821-642D0E25904F}"
EndProject
Project("{FAE04EC0-301F-11D3-BF4B-00C04F79EFBC}") = "Application.Tests", "tests\Application.Tests\Application.Tests.csproj", "{0D6BB77B-7B7C-43E0-B3AD-56AC274E97E0}"
EndProject
Project("{FAE04EC0-301F-11D3-BF4B-00C04F79EFBC}") = "Infrastructure.Tests", "tests\Infrastructure.Tests\Infrastructure.Tests.csproj", "{E4351A38-B3D5-494B-AC53-381525E61DD4}"
EndProject
Project("{FAE04EC0-301F-11D3-BF4B-00C04F79EFBC}") = "Infrastructure", "src\Infrastructure\Infrastructure.csproj", "{568956F2-97C8-4E01-8844-7972F98C0E90}"
EndProject
Global
	GlobalSection(SolutionConfigurationPlatforms) = preSolution
		Debug|Any CPU = Debug|Any CPU
		Release|Any CPU = Release|Any CPU
	EndGlobalSection
	GlobalSection(SolutionProperties) = preSolution
		HideSolutionNode = FALSE
	EndGlobalSection
	GlobalSection(ProjectConfigurationPlatforms) = postSolution
		{698D6A30-D550-4DDC-B664-1781C9905CA3}.Debug|Any CPU.ActiveCfg = Debug|Any CPU
		{698D6A30-D550-4DDC-B664-1781C9905CA3}.Debug|Any CPU.Build.0 = Debug|Any CPU
		{698D6A30-D550-4DDC-B664-1781C9905CA3}.Release|Any CPU.ActiveCfg = Release|Any CPU
		{698D6A30-D550-4DDC-B664-1781C9905CA3}.Release|Any CPU.Build.0 = Release|Any CPU
		{B6E60E6A-A018-48CC-A6BF-34CFD4B057B0}.Debug|Any CPU.ActiveCfg = Debug|Any CPU
		{B6E60E6A-A018-48CC-A6BF-34CFD4B057B0}.Debug|Any CPU.Build.0 = Debug|Any CPU
		{B6E60E6A-A018-48CC-A6BF-34CFD4B057B0}.Release|Any CPU.ActiveCfg = Release|Any CPU
		{B6E60E6A-A018-48CC-A6BF-34CFD4B057B0}.Release|Any CPU.Build.0 = Release|Any CPU
		{C90D4496-7CC4-47DE-816F-D95CEE15D906}.Debug|Any CPU.ActiveCfg = Debug|Any CPU
		{C90D4496-7CC4-47DE-816F-D95CEE15D906}.Debug|Any CPU.Build.0 = Debug|Any CPU
		{C90D4496-7CC4-47DE-816F-D95CEE15D906}.Release|Any CPU.ActiveCfg = Release|Any CPU
		{C90D4496-7CC4-47DE-816F-D95CEE15D906}.Release|Any CPU.Build.0 = Release|Any CPU
		{E0E834AD-696F-442F-B4E2-9DB4EE13FAFC}.Debug|Any CPU.ActiveCfg = Debug|Any CPU
		{E0E834AD-696F-442F-B4E2-9DB4EE13FAFC}.Debug|Any CPU.Build.0 = Debug|Any CPU
		{E0E834AD-696F-442F-B4E2-9DB4EE13FAFC}.Release|Any CPU.ActiveCfg = Release|Any CPU
		{E0E834AD-696F-442F-B4E2-9DB4EE13FAFC}.Release|Any CPU.Build.0 = Release|Any CPU
		{2BFB8288-A0B9-45D8-B821-642D0E25904F}.Debug|Any CPU.ActiveCfg = Debug|Any CPU
		{2BFB8288-A0B9-45D8-B821-642D0E25904F}.Debug|Any CPU.Build.0 = Debug|Any CPU
		{2BFB8288-A0B9-45D8-B821-642D0E25904F}.Release|Any CPU.ActiveCfg = Release|Any CPU
		{2BFB8288-A0B9-45D8-B821-642D0E25904F}.Release|Any CPU.Build.0 = Release|Any CPU
		{0D6BB77B-7B7C-43E0-B3AD-56AC274E97E0}.Debug|Any CPU.ActiveCfg = Debug|Any CPU
		{0D6BB77B-7B7C-43E0-B3AD-56AC274E97E0}.Debug|Any CPU.Build.0 = Debug|Any CPU
		{0D6BB77B-7B7C-43E0-B3AD-56AC274E97E0}.Release|Any CPU.ActiveCfg = Release|Any CPU
		{0D6BB77B-7B7C-43E0-B3AD-56AC274E97E0}.Release|Any CPU.Build.0 = Release|Any CPU
		{E4351A38-B3D5-494B-AC53-381525E61DD4}.Debug|Any CPU.ActiveCfg = Debug|Any CPU
		{E4351A38-B3D5-494B-AC53-381525E61DD4}.Debug|Any CPU.Build.0 = Debug|Any CPU
		{E4351A38-B3D5-494B-AC53-381525E61DD4}.Release|Any CPU.ActiveCfg = Release|Any CPU
		{E4351A38-B3D5-494B-AC53-381525E61DD4}.Release|Any CPU.Build.0 = Release|Any CPU
		{568956F2-97C8-4E01-8844-7972F98C0E90}.Debug|Any CPU.ActiveCfg = Debug|Any CPU
		{568956F2-97C8-4E01-8844-7972F98C0E90}.Debug|Any CPU.Build.0 = Debug|Any CPU
		{568956F2-97C8-4E01-8844-7972F98C0E90}.Release|Any CPU.ActiveCfg = Release|Any CPU
		{568956F2-97C8-4E01-8844-7972F98C0E90}.Release|Any CPU.Build.0 = Release|Any CPU
	EndGlobalSection
	GlobalSection(NestedProjects) = preSolution
		{698D6A30-D550-4DDC-B664-1781C9905CA3} = {4DF6B6C6-F7B1-4A67-88C3-99FB43EA061C}
		{B6E60E6A-A018-48CC-A6BF-34CFD4B057B0} = {75482417-9A5A-4B40-A70C-9C6EE9EBB400}
		{C90D4496-7CC4-47DE-816F-D95CEE15D906} = {4DF6B6C6-F7B1-4A67-88C3-99FB43EA061C}
		{E0E834AD-696F-442F-B4E2-9DB4EE13FAFC} = {4DF6B6C6-F7B1-4A67-88C3-99FB43EA061C}
		{2BFB8288-A0B9-45D8-B821-642D0E25904F} = {75482417-9A5A-4B40-A70C-9C6EE9EBB400}
		{0D6BB77B-7B7C-43E0-B3AD-56AC274E97E0} = {75482417-9A5A-4B40-A70C-9C6EE9EBB400}
		{E4351A38-B3D5-494B-AC53-381525E61DD4} = {75482417-9A5A-4B40-A70C-9C6EE9EBB400}
		{568956F2-97C8-4E01-8844-7972F98C0E90} = {4DF6B6C6-F7B1-4A67-88C3-99FB43EA061C}
	EndGlobalSection
EndGlobal
