Microsoft Visual Studio Solution File, Format Version 12.00
# Visual Studio Version 16
VisualStudioVersion = 16.0.0.0
MinimumVisualStudioVersion = 16.0.0.0
Project("{9A19103F-16F7-4668-BE54-9A1E7A4F7556}") = "Server", "Server\Server.csproj", "{8418E375-5CE2-4CDC-9A15-F625FA7E8CDC}"
EndProject
Project("{9A19103F-16F7-4668-BE54-9A1E7A4F7556}") = "Client", "Client\Client.csproj", "{F7DE3320-CF8B-4338-8199-9C1C8944F6F3}"
EndProject
Project("{9A19103F-16F7-4668-BE54-9A1E7A4F7556}") = "Shared", "Shared\Shared.csproj", "{3623DAAC-36F0-4114-B204-14195A97518D}"
EndProject
Global
	GlobalSection(SolutionConfigurationPlatforms) = preSolution
		Debug|Any CPU = Debug|Any CPU
		Debug|x64 = Debug|x64
		Debug|x86 = Debug|x86
		Release|Any CPU = Release|Any CPU
		Release|x64 = Release|x64
		Release|x86 = Release|x86
	EndGlobalSection
	GlobalSection(ProjectConfigurationPlatforms) = postSolution
		{F7DE3320-CF8B-4338-8199-9C1C8944F6F3}.Debug|Any CPU.ActiveCfg = Debug|Any CPU
		{F7DE3320-CF8B-4338-8199-9C1C8944F6F3}.Debug|Any CPU.Build.0 = Debug|Any CPU
		{F7DE3320-CF8B-4338-8199-9C1C8944F6F3}.Debug|x64.ActiveCfg = Debug|Any CPU
		{F7DE3320-CF8B-4338-8199-9C1C8944F6F3}.Debug|x64.Build.0 = Debug|Any CPU
		{F7DE3320-CF8B-4338-8199-9C1C8944F6F3}.Debug|x86.ActiveCfg = Debug|Any CPU
		{F7DE3320-CF8B-4338-8199-9C1C8944F6F3}.Debug|x86.Build.0 = Debug|Any CPU
		{F7DE3320-CF8B-4338-8199-9C1C8944F6F3}.Release|Any CPU.ActiveCfg = Release|Any CPU
		{F7DE3320-CF8B-4338-8199-9C1C8944F6F3}.Release|Any CPU.Build.0 = Release|Any CPU
		{F7DE3320-CF8B-4338-8199-9C1C8944F6F3}.Release|x64.ActiveCfg = Release|Any CPU
		{F7DE3320-CF8B-4338-8199-9C1C8944F6F3}.Release|x64.Build.0 = Release|Any CPU
		{F7DE3320-CF8B-4338-8199-9C1C8944F6F3}.Release|x86.ActiveCfg = Release|Any CPU
		{F7DE3320-CF8B-4338-8199-9C1C8944F6F3}.Release|x86.Build.0 = Release|Any CPU
		{8418E375-5CE2-4CDC-9A15-F625FA7E8CDC}.Debug|Any CPU.ActiveCfg = Debug|Any CPU
		{8418E375-5CE2-4CDC-9A15-F625FA7E8CDC}.Debug|Any CPU.Build.0 = Debug|Any CPU
		{8418E375-5CE2-4CDC-9A15-F625FA7E8CDC}.Debug|x64.ActiveCfg = Debug|Any CPU
		{8418E375-5CE2-4CDC-9A15-F625FA7E8CDC}.Debug|x64.Build.0 = Debug|Any CPU
		{8418E375-5CE2-4CDC-9A15-F625FA7E8CDC}.Debug|x86.ActiveCfg = Debug|Any CPU
		{8418E375-5CE2-4CDC-9A15-F625FA7E8CDC}.Debug|x86.Build.0 = Debug|Any CPU
		{8418E375-5CE2-4CDC-9A15-F625FA7E8CDC}.Release|Any CPU.ActiveCfg = Release|Any CPU
		{8418E375-5CE2-4CDC-9A15-F625FA7E8CDC}.Release|Any CPU.Build.0 = Release|Any CPU
		{8418E375-5CE2-4CDC-9A15-F625FA7E8CDC}.Release|x64.ActiveCfg = Release|Any CPU
		{8418E375-5CE2-4CDC-9A15-F625FA7E8CDC}.Release|x64.Build.0 = Release|Any CPU
		{8418E375-5CE2-4CDC-9A15-F625FA7E8CDC}.Release|x86.ActiveCfg = Release|Any CPU
		{8418E375-5CE2-4CDC-9A15-F625FA7E8CDC}.Release|x86.Build.0 = Release|Any CPU
		{3623DAAC-36F0-4114-B204-14195A97518D}.Debug|Any CPU.ActiveCfg = Debug|Any CPU
		{3623DAAC-36F0-4114-B204-14195A97518D}.Debug|Any CPU.Build.0 = Debug|Any CPU
		{3623DAAC-36F0-4114-B204-14195A97518D}.Debug|x64.ActiveCfg = Debug|Any CPU
		{3623DAAC-36F0-4114-B204-14195A97518D}.Debug|x64.Build.0 = Debug|Any CPU
		{3623DAAC-36F0-4114-B204-14195A97518D}.Debug|x86.ActiveCfg = Debug|Any CPU
		{3623DAAC-36F0-4114-B204-14195A97518D}.Debug|x86.Build.0 = Debug|Any CPU
		{3623DAAC-36F0-4114-B204-14195A97518D}.Release|Any CPU.ActiveCfg = Release|Any CPU
		{3623DAAC-36F0-4114-B204-14195A97518D}.Release|Any CPU.Build.0 = Release|Any CPU
		{3623DAAC-36F0-4114-B204-14195A97518D}.Release|x64.ActiveCfg = Release|Any CPU
		{3623DAAC-36F0-4114-B204-14195A97518D}.Release|x64.Build.0 = Release|Any CPU
		{3623DAAC-36F0-4114-B204-14195A97518D}.Release|x86.ActiveCfg = Release|Any CPU
		{3623DAAC-36F0-4114-B204-14195A97518D}.Release|x86.Build.0 = Release|Any CPU
	EndGlobalSection
	GlobalSection(SolutionProperties) = preSolution
		HideSolutionNode = FALSE
	EndGlobalSection
	GlobalSection(ExtensibilityGlobals) = postSolution
		SolutionGuid = {4A2C4119-ACE9-419B-B4F1-B8A0D175AAAB}
	EndGlobalSection
EndGlobal
