
Microsoft Visual Studio Solution File, Format Version 12.00
# Visual Studio Version 16
VisualStudioVersion = 16.0.30114.105
MinimumVisualStudioVersion = 10.0.40219.1
Project("{2150E333-8FDC-42A3-9474-1A3956D46DE8}") = "src", "src", "{31038653-B4DF-4E4D-9355-E366284192F3}"
EndProject
Project("{FAE04EC0-301F-11D3-BF4B-00C04F79EFBC}") = "Api", "src\Api\Api.csproj", "{6B5E091F-7267-4BBB-AE78-E33D597C83C8}"
EndProject
Project("{FAE04EC0-301F-11D3-BF4B-00C04F79EFBC}") = "Application", "src\Application\Application.csproj", "{926D1A48-7074-4283-9EBC-F77F5004EC72}"
EndProject
Project("{FAE04EC0-301F-11D3-BF4B-00C04F79EFBC}") = "Domain", "src\Domain\Domain.csproj", "{22F93DF1-E310-45DF-B5A6-2C6E508EB394}"
EndProject
Project("{FAE04EC0-301F-11D3-BF4B-00C04F79EFBC}") = "Infrastructure", "src\Infrastructure\Infrastructure.csproj", "{EAADA420-4781-4D51-9811-BD6850E9B879}"
EndProject
Project("{2150E333-8FDC-42A3-9474-1A3956D46DE8}") = "tests", "tests", "{DC5D6CCE-5FD7-40D4-8656-553A56A6C0C8}"
EndProject
Project("{FAE04EC0-301F-11D3-BF4B-00C04F79EFBC}") = "Api.Tests", "tests\Api.Tests\Api.Tests.csproj", "{B069EF08-5DD8-4BA3-A83A-EC98FBFCCC30}"
EndProject
Project("{FAE04EC0-301F-11D3-BF4B-00C04F79EFBC}") = "Application.Tests", "tests\Application.Tests\Application.Tests.csproj", "{DBB315F4-C447-41AB-8E73-E8CF727C4CBD}"
EndProject
Project("{FAE04EC0-301F-11D3-BF4B-00C04F79EFBC}") = "Domain.Tests", "tests\Domain.Tests\Domain.Tests.csproj", "{C2637911-BF1E-4D8B-BACB-6AFD1E3AA83B}"
EndProject
Project("{FAE04EC0-301F-11D3-BF4B-00C04F79EFBC}") = "Infrastructure.Tests", "tests\Infrastructure.Tests\Infrastructure.Tests.csproj", "{170E0D1D-4D11-41D3-9EF3-00DA848D6BEE}"
EndProject
Global
	GlobalSection(SolutionConfigurationPlatforms) = preSolution
		Debug|Any CPU = Debug|Any CPU
		Release|Any CPU = Release|Any CPU
	EndGlobalSection
	GlobalSection(SolutionProperties) = preSolution
		HideSolutionNode = FALSE
	EndGlobalSection
	GlobalSection(ProjectConfigurationPlatforms) = postSolution
		{6B5E091F-7267-4BBB-AE78-E33D597C83C8}.Debug|Any CPU.ActiveCfg = Debug|Any CPU
		{6B5E091F-7267-4BBB-AE78-E33D597C83C8}.Debug|Any CPU.Build.0 = Debug|Any CPU
		{6B5E091F-7267-4BBB-AE78-E33D597C83C8}.Release|Any CPU.ActiveCfg = Release|Any CPU
		{6B5E091F-7267-4BBB-AE78-E33D597C83C8}.Release|Any CPU.Build.0 = Release|Any CPU
		{926D1A48-7074-4283-9EBC-F77F5004EC72}.Debug|Any CPU.ActiveCfg = Debug|Any CPU
		{926D1A48-7074-4283-9EBC-F77F5004EC72}.Debug|Any CPU.Build.0 = Debug|Any CPU
		{926D1A48-7074-4283-9EBC-F77F5004EC72}.Release|Any CPU.ActiveCfg = Release|Any CPU
		{926D1A48-7074-4283-9EBC-F77F5004EC72}.Release|Any CPU.Build.0 = Release|Any CPU
		{22F93DF1-E310-45DF-B5A6-2C6E508EB394}.Debug|Any CPU.ActiveCfg = Debug|Any CPU
		{22F93DF1-E310-45DF-B5A6-2C6E508EB394}.Debug|Any CPU.Build.0 = Debug|Any CPU
		{22F93DF1-E310-45DF-B5A6-2C6E508EB394}.Release|Any CPU.ActiveCfg = Release|Any CPU
		{22F93DF1-E310-45DF-B5A6-2C6E508EB394}.Release|Any CPU.Build.0 = Release|Any CPU
		{EAADA420-4781-4D51-9811-BD6850E9B879}.Debug|Any CPU.ActiveCfg = Debug|Any CPU
		{EAADA420-4781-4D51-9811-BD6850E9B879}.Debug|Any CPU.Build.0 = Debug|Any CPU
		{EAADA420-4781-4D51-9811-BD6850E9B879}.Release|Any CPU.ActiveCfg = Release|Any CPU
		{EAADA420-4781-4D51-9811-BD6850E9B879}.Release|Any CPU.Build.0 = Release|Any CPU
		{B069EF08-5DD8-4BA3-A83A-EC98FBFCCC30}.Debug|Any CPU.ActiveCfg = Debug|Any CPU
		{B069EF08-5DD8-4BA3-A83A-EC98FBFCCC30}.Debug|Any CPU.Build.0 = Debug|Any CPU
		{B069EF08-5DD8-4BA3-A83A-EC98FBFCCC30}.Release|Any CPU.ActiveCfg = Release|Any CPU
		{B069EF08-5DD8-4BA3-A83A-EC98FBFCCC30}.Release|Any CPU.Build.0 = Release|Any CPU
		{DBB315F4-C447-41AB-8E73-E8CF727C4CBD}.Debug|Any CPU.ActiveCfg = Debug|Any CPU
		{DBB315F4-C447-41AB-8E73-E8CF727C4CBD}.Debug|Any CPU.Build.0 = Debug|Any CPU
		{DBB315F4-C447-41AB-8E73-E8CF727C4CBD}.Release|Any CPU.ActiveCfg = Release|Any CPU
		{DBB315F4-C447-41AB-8E73-E8CF727C4CBD}.Release|Any CPU.Build.0 = Release|Any CPU
		{C2637911-BF1E-4D8B-BACB-6AFD1E3AA83B}.Debug|Any CPU.ActiveCfg = Debug|Any CPU
		{C2637911-BF1E-4D8B-BACB-6AFD1E3AA83B}.Debug|Any CPU.Build.0 = Debug|Any CPU
		{C2637911-BF1E-4D8B-BACB-6AFD1E3AA83B}.Release|Any CPU.ActiveCfg = Release|Any CPU
		{C2637911-BF1E-4D8B-BACB-6AFD1E3AA83B}.Release|Any CPU.Build.0 = Release|Any CPU
		{170E0D1D-4D11-41D3-9EF3-00DA848D6BEE}.Debug|Any CPU.ActiveCfg = Debug|Any CPU
		{170E0D1D-4D11-41D3-9EF3-00DA848D6BEE}.Debug|Any CPU.Build.0 = Debug|Any CPU
		{170E0D1D-4D11-41D3-9EF3-00DA848D6BEE}.Release|Any CPU.ActiveCfg = Release|Any CPU
		{170E0D1D-4D11-41D3-9EF3-00DA848D6BEE}.Release|Any CPU.Build.0 = Release|Any CPU
	EndGlobalSection
	GlobalSection(NestedProjects) = preSolution
		{6B5E091F-7267-4BBB-AE78-E33D597C83C8} = {31038653-B4DF-4E4D-9355-E366284192F3}
		{926D1A48-7074-4283-9EBC-F77F5004EC72} = {31038653-B4DF-4E4D-9355-E366284192F3}
		{22F93DF1-E310-45DF-B5A6-2C6E508EB394} = {31038653-B4DF-4E4D-9355-E366284192F3}
		{EAADA420-4781-4D51-9811-BD6850E9B879} = {31038653-B4DF-4E4D-9355-E366284192F3}
		{B069EF08-5DD8-4BA3-A83A-EC98FBFCCC30} = {DC5D6CCE-5FD7-40D4-8656-553A56A6C0C8}
		{DBB315F4-C447-41AB-8E73-E8CF727C4CBD} = {DC5D6CCE-5FD7-40D4-8656-553A56A6C0C8}
		{C2637911-BF1E-4D8B-BACB-6AFD1E3AA83B} = {DC5D6CCE-5FD7-40D4-8656-553A56A6C0C8}
		{170E0D1D-4D11-41D3-9EF3-00DA848D6BEE} = {DC5D6CCE-5FD7-40D4-8656-553A56A6C0C8}
	EndGlobalSection
EndGlobal
