
Microsoft Visual Studio Solution File, Format Version 12.00
# Visual Studio Version 16
VisualStudioVersion = 16.0.30114.105
MinimumVisualStudioVersion = 10.0.40219.1
Project("{2150E333-8FDC-42A3-9474-1A3956D46DE8}") = "src", "src", "{F5A46EE0-3283-407C-A491-A12D62982A6F}"
EndProject
Project("{FAE04EC0-301F-11D3-BF4B-00C04F79EFBC}") = "Api", "src\Api\Api.csproj", "{21A0019E-F839-45E8-B539-F8AA89C99A9B}"
EndProject
Project("{FAE04EC0-301F-11D3-BF4B-00C04F79EFBC}") = "Application", "src\Application\Application.csproj", "{C5DF959C-A80D-43B3-86BF-5B15E34F92FD}"
EndProject
Project("{FAE04EC0-301F-11D3-BF4B-00C04F79EFBC}") = "Domain", "src\Domain\Domain.csproj", "{0D889E6B-2603-4719-894E-1F29A0F93998}"
EndProject
Project("{FAE04EC0-301F-11D3-BF4B-00C04F79EFBC}") = "Infrastructure", "src\Infrastructure\Infrastructure.csproj", "{313E4698-3A51-45E7-8EF3-C5A62501A130}"
EndProject
Project("{2150E333-8FDC-42A3-9474-1A3956D46DE8}") = "tests", "tests", "{FE20B506-CA62-4536-9203-83918CA0C639}"
EndProject
Project("{FAE04EC0-301F-11D3-BF4B-00C04F79EFBC}") = "Api.Tests", "tests\Api.Tests\Api.Tests.csproj", "{BC234BC4-4242-497F-BCB1-22B1751BCFA6}"
EndProject
Project("{FAE04EC0-301F-11D3-BF4B-00C04F79EFBC}") = "Application.Tests", "tests\Application.Tests\Application.Tests.csproj", "{C8E4075D-0D2D-4472-9CDC-91A9C4301AAA}"
EndProject
Project("{FAE04EC0-301F-11D3-BF4B-00C04F79EFBC}") = "Domain.Tests", "tests\Domain.Tests\Domain.Tests.csproj", "{DB3ADC02-B838-4D0C-B2EF-39BBD5FD97CC}"
EndProject
Project("{FAE04EC0-301F-11D3-BF4B-00C04F79EFBC}") = "Infrastructure.Tests", "tests\Infrastructure.Tests\Infrastructure.Tests.csproj", "{ECCD548A-6AA3-41D7-B913-9EBC6A44AF0F}"
EndProject
Global
	GlobalSection(SolutionConfigurationPlatforms) = preSolution
		Debug|Any CPU = Debug|Any CPU
		Release|Any CPU = Release|Any CPU
	EndGlobalSection
	GlobalSection(SolutionProperties) = preSolution
		HideSolutionNode = FALSE
	EndGlobalSection
	GlobalSection(ProjectConfigurationPlatforms) = postSolution
		{21A0019E-F839-45E8-B539-F8AA89C99A9B}.Debug|Any CPU.ActiveCfg = Debug|Any CPU
		{21A0019E-F839-45E8-B539-F8AA89C99A9B}.Debug|Any CPU.Build.0 = Debug|Any CPU
		{21A0019E-F839-45E8-B539-F8AA89C99A9B}.Release|Any CPU.ActiveCfg = Release|Any CPU
		{21A0019E-F839-45E8-B539-F8AA89C99A9B}.Release|Any CPU.Build.0 = Release|Any CPU
		{C5DF959C-A80D-43B3-86BF-5B15E34F92FD}.Debug|Any CPU.ActiveCfg = Debug|Any CPU
		{C5DF959C-A80D-43B3-86BF-5B15E34F92FD}.Debug|Any CPU.Build.0 = Debug|Any CPU
		{C5DF959C-A80D-43B3-86BF-5B15E34F92FD}.Release|Any CPU.ActiveCfg = Release|Any CPU
		{C5DF959C-A80D-43B3-86BF-5B15E34F92FD}.Release|Any CPU.Build.0 = Release|Any CPU
		{0D889E6B-2603-4719-894E-1F29A0F93998}.Debug|Any CPU.ActiveCfg = Debug|Any CPU
		{0D889E6B-2603-4719-894E-1F29A0F93998}.Debug|Any CPU.Build.0 = Debug|Any CPU
		{0D889E6B-2603-4719-894E-1F29A0F93998}.Release|Any CPU.ActiveCfg = Release|Any CPU
		{0D889E6B-2603-4719-894E-1F29A0F93998}.Release|Any CPU.Build.0 = Release|Any CPU
		{313E4698-3A51-45E7-8EF3-C5A62501A130}.Debug|Any CPU.ActiveCfg = Debug|Any CPU
		{313E4698-3A51-45E7-8EF3-C5A62501A130}.Debug|Any CPU.Build.0 = Debug|Any CPU
		{313E4698-3A51-45E7-8EF3-C5A62501A130}.Release|Any CPU.ActiveCfg = Release|Any CPU
		{313E4698-3A51-45E7-8EF3-C5A62501A130}.Release|Any CPU.Build.0 = Release|Any CPU
		{BC234BC4-4242-497F-BCB1-22B1751BCFA6}.Debug|Any CPU.ActiveCfg = Debug|Any CPU
		{BC234BC4-4242-497F-BCB1-22B1751BCFA6}.Debug|Any CPU.Build.0 = Debug|Any CPU
		{BC234BC4-4242-497F-BCB1-22B1751BCFA6}.Release|Any CPU.ActiveCfg = Release|Any CPU
		{BC234BC4-4242-497F-BCB1-22B1751BCFA6}.Release|Any CPU.Build.0 = Release|Any CPU
		{C8E4075D-0D2D-4472-9CDC-91A9C4301AAA}.Debug|Any CPU.ActiveCfg = Debug|Any CPU
		{C8E4075D-0D2D-4472-9CDC-91A9C4301AAA}.Debug|Any CPU.Build.0 = Debug|Any CPU
		{C8E4075D-0D2D-4472-9CDC-91A9C4301AAA}.Release|Any CPU.ActiveCfg = Release|Any CPU
		{C8E4075D-0D2D-4472-9CDC-91A9C4301AAA}.Release|Any CPU.Build.0 = Release|Any CPU
		{DB3ADC02-B838-4D0C-B2EF-39BBD5FD97CC}.Debug|Any CPU.ActiveCfg = Debug|Any CPU
		{DB3ADC02-B838-4D0C-B2EF-39BBD5FD97CC}.Debug|Any CPU.Build.0 = Debug|Any CPU
		{DB3ADC02-B838-4D0C-B2EF-39BBD5FD97CC}.Release|Any CPU.ActiveCfg = Release|Any CPU
		{DB3ADC02-B838-4D0C-B2EF-39BBD5FD97CC}.Release|Any CPU.Build.0 = Release|Any CPU
		{ECCD548A-6AA3-41D7-B913-9EBC6A44AF0F}.Debug|Any CPU.ActiveCfg = Debug|Any CPU
		{ECCD548A-6AA3-41D7-B913-9EBC6A44AF0F}.Debug|Any CPU.Build.0 = Debug|Any CPU
		{ECCD548A-6AA3-41D7-B913-9EBC6A44AF0F}.Release|Any CPU.ActiveCfg = Release|Any CPU
		{ECCD548A-6AA3-41D7-B913-9EBC6A44AF0F}.Release|Any CPU.Build.0 = Release|Any CPU
	EndGlobalSection
	GlobalSection(NestedProjects) = preSolution
		{21A0019E-F839-45E8-B539-F8AA89C99A9B} = {F5A46EE0-3283-407C-A491-A12D62982A6F}
		{C5DF959C-A80D-43B3-86BF-5B15E34F92FD} = {F5A46EE0-3283-407C-A491-A12D62982A6F}
		{0D889E6B-2603-4719-894E-1F29A0F93998} = {F5A46EE0-3283-407C-A491-A12D62982A6F}
		{313E4698-3A51-45E7-8EF3-C5A62501A130} = {F5A46EE0-3283-407C-A491-A12D62982A6F}
		{BC234BC4-4242-497F-BCB1-22B1751BCFA6} = {FE20B506-CA62-4536-9203-83918CA0C639}
		{C8E4075D-0D2D-4472-9CDC-91A9C4301AAA} = {FE20B506-CA62-4536-9203-83918CA0C639}
		{DB3ADC02-B838-4D0C-B2EF-39BBD5FD97CC} = {FE20B506-CA62-4536-9203-83918CA0C639}
		{ECCD548A-6AA3-41D7-B913-9EBC6A44AF0F} = {FE20B506-CA62-4536-9203-83918CA0C639}
	EndGlobalSection
EndGlobal
