
Microsoft Visual Studio Solution File, Format Version 12.00
# Visual Studio Version 16
VisualStudioVersion = 16.0.30114.105
MinimumVisualStudioVersion = 10.0.40219.1
Project("{2150E333-8FDC-42A3-9474-1A3956D46DE8}") = "src", "src", "{B0162B87-BBC3-4696-A681-925F0689D581}"
EndProject
Project("{FAE04EC0-301F-11D3-BF4B-00C04F79EFBC}") = "Api", "src\api\Api.csproj", "{D7172BEE-B97B-4372-8A12-2B06C55EECD2}"
EndProject
Project("{FAE04EC0-301F-11D3-BF4B-00C04F79EFBC}") = "Domain", "src\domain\Domain.csproj", "{9F4B06D1-C1D0-432D-933A-9325E695933F}"
EndProject
Project("{FAE04EC0-301F-11D3-BF4B-00C04F79EFBC}") = "Application", "src\application\Application.csproj", "{43C95990-617E-4956-9FBB-241C01473C91}"
EndProject
Project("{FAE04EC0-301F-11D3-BF4B-00C04F79EFBC}") = "Infrastructure", "src\infrastructure\Infrastructure.csproj", "{23EA725D-5946-4DD1-A6DB-D235296FE1D8}"
EndProject
Project("{2150E333-8FDC-42A3-9474-1A3956D46DE8}") = "test", "test", "{A5CEAD3E-8CDF-49AC-A5A3-05D4F4FF7F9F}"
EndProject
Project("{FAE04EC0-301F-11D3-BF4B-00C04F79EFBC}") = "Api.Tests", "test\api.tests\Api.Tests.csproj", "{34DC50E4-521B-4F1F-939A-05F6562C41A9}"
EndProject
Project("{FAE04EC0-301F-11D3-BF4B-00C04F79EFBC}") = "Domain.Tests", "test\domain.tests\Domain.Tests.csproj", "{18C6A4D3-79CF-4061-84C4-AAFBA672B609}"
EndProject
Project("{FAE04EC0-301F-11D3-BF4B-00C04F79EFBC}") = "Application.Tests", "test\application.tests\Application.Tests.csproj", "{56D9FD80-2C93-4115-B6D8-9438AC7D9F5B}"
EndProject
Project("{FAE04EC0-301F-11D3-BF4B-00C04F79EFBC}") = "Infrastructure.Tests", "test\infrastructure.tests\Infrastructure.Tests.csproj", "{4EFDE530-017F-402E-91AF-F45E0F260006}"
EndProject
Global
	GlobalSection(SolutionConfigurationPlatforms) = preSolution
		Debug|Any CPU = Debug|Any CPU
		Release|Any CPU = Release|Any CPU
	EndGlobalSection
	GlobalSection(SolutionProperties) = preSolution
		HideSolutionNode = FALSE
	EndGlobalSection
	GlobalSection(ProjectConfigurationPlatforms) = postSolution
		{D7172BEE-B97B-4372-8A12-2B06C55EECD2}.Debug|Any CPU.ActiveCfg = Debug|Any CPU
		{D7172BEE-B97B-4372-8A12-2B06C55EECD2}.Debug|Any CPU.Build.0 = Debug|Any CPU
		{D7172BEE-B97B-4372-8A12-2B06C55EECD2}.Release|Any CPU.ActiveCfg = Release|Any CPU
		{D7172BEE-B97B-4372-8A12-2B06C55EECD2}.Release|Any CPU.Build.0 = Release|Any CPU
		{9F4B06D1-C1D0-432D-933A-9325E695933F}.Debug|Any CPU.ActiveCfg = Debug|Any CPU
		{9F4B06D1-C1D0-432D-933A-9325E695933F}.Debug|Any CPU.Build.0 = Debug|Any CPU
		{9F4B06D1-C1D0-432D-933A-9325E695933F}.Release|Any CPU.ActiveCfg = Release|Any CPU
		{9F4B06D1-C1D0-432D-933A-9325E695933F}.Release|Any CPU.Build.0 = Release|Any CPU
		{43C95990-617E-4956-9FBB-241C01473C91}.Debug|Any CPU.ActiveCfg = Debug|Any CPU
		{43C95990-617E-4956-9FBB-241C01473C91}.Debug|Any CPU.Build.0 = Debug|Any CPU
		{43C95990-617E-4956-9FBB-241C01473C91}.Release|Any CPU.ActiveCfg = Release|Any CPU
		{43C95990-617E-4956-9FBB-241C01473C91}.Release|Any CPU.Build.0 = Release|Any CPU
		{23EA725D-5946-4DD1-A6DB-D235296FE1D8}.Debug|Any CPU.ActiveCfg = Debug|Any CPU
		{23EA725D-5946-4DD1-A6DB-D235296FE1D8}.Debug|Any CPU.Build.0 = Debug|Any CPU
		{23EA725D-5946-4DD1-A6DB-D235296FE1D8}.Release|Any CPU.ActiveCfg = Release|Any CPU
		{23EA725D-5946-4DD1-A6DB-D235296FE1D8}.Release|Any CPU.Build.0 = Release|Any CPU
		{34DC50E4-521B-4F1F-939A-05F6562C41A9}.Debug|Any CPU.ActiveCfg = Debug|Any CPU
		{34DC50E4-521B-4F1F-939A-05F6562C41A9}.Debug|Any CPU.Build.0 = Debug|Any CPU
		{34DC50E4-521B-4F1F-939A-05F6562C41A9}.Release|Any CPU.ActiveCfg = Release|Any CPU
		{34DC50E4-521B-4F1F-939A-05F6562C41A9}.Release|Any CPU.Build.0 = Release|Any CPU
		{18C6A4D3-79CF-4061-84C4-AAFBA672B609}.Debug|Any CPU.ActiveCfg = Debug|Any CPU
		{18C6A4D3-79CF-4061-84C4-AAFBA672B609}.Debug|Any CPU.Build.0 = Debug|Any CPU
		{18C6A4D3-79CF-4061-84C4-AAFBA672B609}.Release|Any CPU.ActiveCfg = Release|Any CPU
		{18C6A4D3-79CF-4061-84C4-AAFBA672B609}.Release|Any CPU.Build.0 = Release|Any CPU
		{56D9FD80-2C93-4115-B6D8-9438AC7D9F5B}.Debug|Any CPU.ActiveCfg = Debug|Any CPU
		{56D9FD80-2C93-4115-B6D8-9438AC7D9F5B}.Debug|Any CPU.Build.0 = Debug|Any CPU
		{56D9FD80-2C93-4115-B6D8-9438AC7D9F5B}.Release|Any CPU.ActiveCfg = Release|Any CPU
		{56D9FD80-2C93-4115-B6D8-9438AC7D9F5B}.Release|Any CPU.Build.0 = Release|Any CPU
		{4EFDE530-017F-402E-91AF-F45E0F260006}.Debug|Any CPU.ActiveCfg = Debug|Any CPU
		{4EFDE530-017F-402E-91AF-F45E0F260006}.Debug|Any CPU.Build.0 = Debug|Any CPU
		{4EFDE530-017F-402E-91AF-F45E0F260006}.Release|Any CPU.ActiveCfg = Release|Any CPU
		{4EFDE530-017F-402E-91AF-F45E0F260006}.Release|Any CPU.Build.0 = Release|Any CPU
	EndGlobalSection
	GlobalSection(NestedProjects) = preSolution
		{D7172BEE-B97B-4372-8A12-2B06C55EECD2} = {B0162B87-BBC3-4696-A681-925F0689D581}
		{9F4B06D1-C1D0-432D-933A-9325E695933F} = {B0162B87-BBC3-4696-A681-925F0689D581}
		{43C95990-617E-4956-9FBB-241C01473C91} = {B0162B87-BBC3-4696-A681-925F0689D581}
		{23EA725D-5946-4DD1-A6DB-D235296FE1D8} = {B0162B87-BBC3-4696-A681-925F0689D581}
		{34DC50E4-521B-4F1F-939A-05F6562C41A9} = {A5CEAD3E-8CDF-49AC-A5A3-05D4F4FF7F9F}
		{18C6A4D3-79CF-4061-84C4-AAFBA672B609} = {A5CEAD3E-8CDF-49AC-A5A3-05D4F4FF7F9F}
		{56D9FD80-2C93-4115-B6D8-9438AC7D9F5B} = {A5CEAD3E-8CDF-49AC-A5A3-05D4F4FF7F9F}
		{4EFDE530-017F-402E-91AF-F45E0F260006} = {A5CEAD3E-8CDF-49AC-A5A3-05D4F4FF7F9F}
	EndGlobalSection
EndGlobal
