
Microsoft Visual Studio Solution File, Format Version 12.00
# Visual Studio Version 16
VisualStudioVersion = 16.0.30114.105
MinimumVisualStudioVersion = 10.0.40219.1
Project("{2150E333-8FDC-42A3-9474-1A3956D46DE8}") = "src", "src", "{D22F86AF-68BA-4DDD-962E-52BF61631E14}"
EndProject
Project("{FAE04EC0-301F-11D3-BF4B-00C04F79EFBC}") = "Api", "src\Api\Api.csproj", "{A52B25C5-11E5-435E-AAE6-9A2AA591E192}"
EndProject
Project("{FAE04EC0-301F-11D3-BF4B-00C04F79EFBC}") = "Application", "src\Application\Application.csproj", "{0367A600-45AA-4B62-BE8D-98C0FA9D525F}"
EndProject
Project("{FAE04EC0-301F-11D3-BF4B-00C04F79EFBC}") = "Domain", "src\Domain\Domain.csproj", "{BF6529D5-EF7E-4525-81E5-F5C339FF6951}"
EndProject
Project("{FAE04EC0-301F-11D3-BF4B-00C04F79EFBC}") = "Infrastructure", "src\Infrastructure\Infrastructure.csproj", "{8FA565DE-1049-45C3-B442-E99D059BEC92}"
EndProject
Project("{2150E333-8FDC-42A3-9474-1A3956D46DE8}") = "tests", "tests", "{66A2579A-686C-449C-A1EF-B64C35967DA1}"
EndProject
Project("{FAE04EC0-301F-11D3-BF4B-00C04F79EFBC}") = "Api.Tests", "tests\Api.Tests\Api.Tests.csproj", "{7D5BF68B-D708-439A-AECE-302690096328}"
EndProject
Project("{FAE04EC0-301F-11D3-BF4B-00C04F79EFBC}") = "Application.Tests", "tests\Application.Tests\Application.Tests.csproj", "{40466FF4-6DBC-45BD-AF50-7C729B07EB8F}"
EndProject
Project("{FAE04EC0-301F-11D3-BF4B-00C04F79EFBC}") = "Domain.Tests", "tests\Domain.Tests\Domain.Tests.csproj", "{F747BDAE-0AB7-4236-ABF4-BBBBA6EED108}"
EndProject
Project("{FAE04EC0-301F-11D3-BF4B-00C04F79EFBC}") = "Infrastructure.Tests", "tests\Infrastructure.Tests\Infrastructure.Tests.csproj", "{F8DECF41-DCA7-4F50-BAD7-30E4D36AF13A}"
EndProject
Global
	GlobalSection(SolutionConfigurationPlatforms) = preSolution
		Debug|Any CPU = Debug|Any CPU
		Release|Any CPU = Release|Any CPU
	EndGlobalSection
	GlobalSection(SolutionProperties) = preSolution
		HideSolutionNode = FALSE
	EndGlobalSection
	GlobalSection(ProjectConfigurationPlatforms) = postSolution
		{A52B25C5-11E5-435E-AAE6-9A2AA591E192}.Debug|Any CPU.ActiveCfg = Debug|Any CPU
		{A52B25C5-11E5-435E-AAE6-9A2AA591E192}.Debug|Any CPU.Build.0 = Debug|Any CPU
		{A52B25C5-11E5-435E-AAE6-9A2AA591E192}.Release|Any CPU.ActiveCfg = Release|Any CPU
		{A52B25C5-11E5-435E-AAE6-9A2AA591E192}.Release|Any CPU.Build.0 = Release|Any CPU
		{0367A600-45AA-4B62-BE8D-98C0FA9D525F}.Debug|Any CPU.ActiveCfg = Debug|Any CPU
		{0367A600-45AA-4B62-BE8D-98C0FA9D525F}.Debug|Any CPU.Build.0 = Debug|Any CPU
		{0367A600-45AA-4B62-BE8D-98C0FA9D525F}.Release|Any CPU.ActiveCfg = Release|Any CPU
		{0367A600-45AA-4B62-BE8D-98C0FA9D525F}.Release|Any CPU.Build.0 = Release|Any CPU
		{BF6529D5-EF7E-4525-81E5-F5C339FF6951}.Debug|Any CPU.ActiveCfg = Debug|Any CPU
		{BF6529D5-EF7E-4525-81E5-F5C339FF6951}.Debug|Any CPU.Build.0 = Debug|Any CPU
		{BF6529D5-EF7E-4525-81E5-F5C339FF6951}.Release|Any CPU.ActiveCfg = Release|Any CPU
		{BF6529D5-EF7E-4525-81E5-F5C339FF6951}.Release|Any CPU.Build.0 = Release|Any CPU
		{8FA565DE-1049-45C3-B442-E99D059BEC92}.Debug|Any CPU.ActiveCfg = Debug|Any CPU
		{8FA565DE-1049-45C3-B442-E99D059BEC92}.Debug|Any CPU.Build.0 = Debug|Any CPU
		{8FA565DE-1049-45C3-B442-E99D059BEC92}.Release|Any CPU.ActiveCfg = Release|Any CPU
		{8FA565DE-1049-45C3-B442-E99D059BEC92}.Release|Any CPU.Build.0 = Release|Any CPU
		{7D5BF68B-D708-439A-AECE-302690096328}.Debug|Any CPU.ActiveCfg = Debug|Any CPU
		{7D5BF68B-D708-439A-AECE-302690096328}.Debug|Any CPU.Build.0 = Debug|Any CPU
		{7D5BF68B-D708-439A-AECE-302690096328}.Release|Any CPU.ActiveCfg = Release|Any CPU
		{7D5BF68B-D708-439A-AECE-302690096328}.Release|Any CPU.Build.0 = Release|Any CPU
		{40466FF4-6DBC-45BD-AF50-7C729B07EB8F}.Debug|Any CPU.ActiveCfg = Debug|Any CPU
		{40466FF4-6DBC-45BD-AF50-7C729B07EB8F}.Debug|Any CPU.Build.0 = Debug|Any CPU
		{40466FF4-6DBC-45BD-AF50-7C729B07EB8F}.Release|Any CPU.ActiveCfg = Release|Any CPU
		{40466FF4-6DBC-45BD-AF50-7C729B07EB8F}.Release|Any CPU.Build.0 = Release|Any CPU
		{F747BDAE-0AB7-4236-ABF4-BBBBA6EED108}.Debug|Any CPU.ActiveCfg = Debug|Any CPU
		{F747BDAE-0AB7-4236-ABF4-BBBBA6EED108}.Debug|Any CPU.Build.0 = Debug|Any CPU
		{F747BDAE-0AB7-4236-ABF4-BBBBA6EED108}.Release|Any CPU.ActiveCfg = Release|Any CPU
		{F747BDAE-0AB7-4236-ABF4-BBBBA6EED108}.Release|Any CPU.Build.0 = Release|Any CPU
		{F8DECF41-DCA7-4F50-BAD7-30E4D36AF13A}.Debug|Any CPU.ActiveCfg = Debug|Any CPU
		{F8DECF41-DCA7-4F50-BAD7-30E4D36AF13A}.Debug|Any CPU.Build.0 = Debug|Any CPU
		{F8DECF41-DCA7-4F50-BAD7-30E4D36AF13A}.Release|Any CPU.ActiveCfg = Release|Any CPU
		{F8DECF41-DCA7-4F50-BAD7-30E4D36AF13A}.Release|Any CPU.Build.0 = Release|Any CPU
	EndGlobalSection
	GlobalSection(NestedProjects) = preSolution
		{A52B25C5-11E5-435E-AAE6-9A2AA591E192} = {D22F86AF-68BA-4DDD-962E-52BF61631E14}
		{0367A600-45AA-4B62-BE8D-98C0FA9D525F} = {D22F86AF-68BA-4DDD-962E-52BF61631E14}
		{BF6529D5-EF7E-4525-81E5-F5C339FF6951} = {D22F86AF-68BA-4DDD-962E-52BF61631E14}
		{8FA565DE-1049-45C3-B442-E99D059BEC92} = {D22F86AF-68BA-4DDD-962E-52BF61631E14}
		{7D5BF68B-D708-439A-AECE-302690096328} = {66A2579A-686C-449C-A1EF-B64C35967DA1}
		{40466FF4-6DBC-45BD-AF50-7C729B07EB8F} = {66A2579A-686C-449C-A1EF-B64C35967DA1}
		{F747BDAE-0AB7-4236-ABF4-BBBBA6EED108} = {66A2579A-686C-449C-A1EF-B64C35967DA1}
		{F8DECF41-DCA7-4F50-BAD7-30E4D36AF13A} = {66A2579A-686C-449C-A1EF-B64C35967DA1}
	EndGlobalSection
EndGlobal
